// !$*UTF8*$!
{
	archiveVersion = 1;
	classes = {
	};
	objectVersion = 56;
	objects = {

/* Begin PBXBuildFile section */
		B18546FCF9870DF3864F7D37 /* Pods_NeoCafe_Client.framework in Frameworks */ = {isa = PBXBuildFile; fileRef = 9D1EA6A4749DB070AC752431 /* Pods_NeoCafe_Client.framework */; };
		DD84CBB02B7B414E00580D4A /* swiftgen.yml in Resources */ = {isa = PBXBuildFile; fileRef = DD84CBAF2B7B414E00580D4A /* swiftgen.yml */; };
		DD93C18D2B7FF77800339287 /* Ext+UIViewController.swift in Sources */ = {isa = PBXBuildFile; fileRef = DD93C18C2B7FF77800339287 /* Ext+UIViewController.swift */; };
		DD9556152B79F67300FB65AF /* NetworkService.swift in Sources */ = {isa = PBXBuildFile; fileRef = DD9556142B79F67300FB65AF /* NetworkService.swift */; };
		DD9D08322B7B435D00BAB6CD /* XCAssets+Generated.swift in Sources */ = {isa = PBXBuildFile; fileRef = DD9D08312B7B435D00BAB6CD /* XCAssets+Generated.swift */; };
		DD9D08372B7BF18100BAB6CD /* Poppins-Bold.ttf in Resources */ = {isa = PBXBuildFile; fileRef = DD9D08362B7BF18100BAB6CD /* Poppins-Bold.ttf */; };
		DD9D08392B7BF19000BAB6CD /* Poppins-Medium.ttf in Resources */ = {isa = PBXBuildFile; fileRef = DD9D08382B7BF19000BAB6CD /* Poppins-Medium.ttf */; };
		DD9D083B2B7BF19B00BAB6CD /* Poppins-Regular.ttf in Resources */ = {isa = PBXBuildFile; fileRef = DD9D083A2B7BF19B00BAB6CD /* Poppins-Regular.ttf */; };
		DD9D083D2B7BF1C700BAB6CD /* SF-Pro-Display-Regular.otf in Resources */ = {isa = PBXBuildFile; fileRef = DD9D083C2B7BF1C700BAB6CD /* SF-Pro-Display-Regular.otf */; };
		DD9D083F2B7BF2F800BAB6CD /* Fonts.swift in Sources */ = {isa = PBXBuildFile; fileRef = DD9D083E2B7BF2F800BAB6CD /* Fonts.swift */; };
		DD9D08412B7BF53300BAB6CD /* Localizable.strings in Resources */ = {isa = PBXBuildFile; fileRef = DD9D08402B7BF53300BAB6CD /* Localizable.strings */; };
		DD9D08432B7BF71000BAB6CD /* Strings+Generated.swift in Sources */ = {isa = PBXBuildFile; fileRef = DD9D08422B7BF71000BAB6CD /* Strings+Generated.swift */; };
		DDC1D8442B75B77C0068598D /* .swiftlint.yml in Resources */ = {isa = PBXBuildFile; fileRef = DDC1D8432B75B77C0068598D /* .swiftlint.yml */; };
		DDC1D8492B7601A30068598D /* RegistrationView.swift in Sources */ = {isa = PBXBuildFile; fileRef = DDC1D8482B7601A30068598D /* RegistrationView.swift */; };
		DDC1D84C2B7602A20068598D /* SignInView.swift in Sources */ = {isa = PBXBuildFile; fileRef = DDC1D84B2B7602A20068598D /* SignInView.swift */; };
		DDC1D84F2B7963530068598D /* CodeConfirmationView.swift in Sources */ = {isa = PBXBuildFile; fileRef = DDC1D84E2B7963530068598D /* CodeConfirmationView.swift */; };
		DDF8B58E2B70ED3C005FE06A /* AppDelegate.swift in Sources */ = {isa = PBXBuildFile; fileRef = DDF8B58D2B70ED3C005FE06A /* AppDelegate.swift */; };
		DDF8B5902B70ED3C005FE06A /* SceneDelegate.swift in Sources */ = {isa = PBXBuildFile; fileRef = DDF8B58F2B70ED3C005FE06A /* SceneDelegate.swift */; };
		DDF8B5922B70ED3C005FE06A /* ViewController.swift in Sources */ = {isa = PBXBuildFile; fileRef = DDF8B5912B70ED3C005FE06A /* ViewController.swift */; };
		DDF8B5972B70ED3E005FE06A /* Assets.xcassets in Resources */ = {isa = PBXBuildFile; fileRef = DDF8B5962B70ED3E005FE06A /* Assets.xcassets */; };
		DDF8B59A2B70ED3E005FE06A /* LaunchScreen.storyboard in Resources */ = {isa = PBXBuildFile; fileRef = DDF8B5982B70ED3E005FE06A /* LaunchScreen.storyboard */; };
		DDF8B5C32B70F1C7005FE06A /* BaseAuthRegView.swift in Sources */ = {isa = PBXBuildFile; fileRef = DDF8B5C22B70F1C7005FE06A /* BaseAuthRegView.swift */; };
		DDF8B5C62B70F1FF005FE06A /* Model.swift in Sources */ = {isa = PBXBuildFile; fileRef = DDF8B5C52B70F1FF005FE06A /* Model.swift */; };
		DDF8B5C82B70F211005FE06A /* RegistrationViewController.swift in Sources */ = {isa = PBXBuildFile; fileRef = DDF8B5C72B70F211005FE06A /* RegistrationViewController.swift */; };
		DDF8B5CA2B70F21D005FE06A /* RegisterViewModel.swift in Sources */ = {isa = PBXBuildFile; fileRef = DDF8B5C92B70F21D005FE06A /* RegisterViewModel.swift */; };
		DDF8B5D12B70F288005FE06A /* CustomSegmentedControl.swift in Sources */ = {isa = PBXBuildFile; fileRef = DDF8B5D02B70F288005FE06A /* CustomSegmentedControl.swift */; };
		DDF8B5D32B70F299005FE06A /* CustomTextField.swift in Sources */ = {isa = PBXBuildFile; fileRef = DDF8B5D22B70F299005FE06A /* CustomTextField.swift */; };
		DDF8B5D82B70F2BA005FE06A /* CustomButton.swift in Sources */ = {isa = PBXBuildFile; fileRef = DDF8B5D72B70F2BA005FE06A /* CustomButton.swift */; };
/* End PBXBuildFile section */

/* Begin PBXFileReference section */
		774A1FD35DC0575343951A93 /* Pods-NeoCafe Client.release.xcconfig */ = {isa = PBXFileReference; includeInIndex = 1; lastKnownFileType = text.xcconfig; name = "Pods-NeoCafe Client.release.xcconfig"; path = "Target Support Files/Pods-NeoCafe Client/Pods-NeoCafe Client.release.xcconfig"; sourceTree = "<group>"; };
		7FC66A2F83A1FDDD0ECAFD78 /* Pods-NeoCafe Client.debug.xcconfig */ = {isa = PBXFileReference; includeInIndex = 1; lastKnownFileType = text.xcconfig; name = "Pods-NeoCafe Client.debug.xcconfig"; path = "Target Support Files/Pods-NeoCafe Client/Pods-NeoCafe Client.debug.xcconfig"; sourceTree = "<group>"; };
		9D1EA6A4749DB070AC752431 /* Pods_NeoCafe_Client.framework */ = {isa = PBXFileReference; explicitFileType = wrapper.framework; includeInIndex = 0; path = Pods_NeoCafe_Client.framework; sourceTree = BUILT_PRODUCTS_DIR; };
		DD84CBAF2B7B414E00580D4A /* swiftgen.yml */ = {isa = PBXFileReference; lastKnownFileType = text.yaml; path = swiftgen.yml; sourceTree = "<group>"; };
		DD93C18C2B7FF77800339287 /* Ext+UIViewController.swift */ = {isa = PBXFileReference; lastKnownFileType = sourcecode.swift; path = "Ext+UIViewController.swift"; sourceTree = "<group>"; };
		DD9556142B79F67300FB65AF /* NetworkService.swift */ = {isa = PBXFileReference; lastKnownFileType = sourcecode.swift; path = NetworkService.swift; sourceTree = "<group>"; };
		DD9D08312B7B435D00BAB6CD /* XCAssets+Generated.swift */ = {isa = PBXFileReference; fileEncoding = 4; lastKnownFileType = sourcecode.swift; path = "XCAssets+Generated.swift"; sourceTree = "<group>"; };
		DD9D08362B7BF18100BAB6CD /* Poppins-Bold.ttf */ = {isa = PBXFileReference; lastKnownFileType = file; path = "Poppins-Bold.ttf"; sourceTree = "<group>"; };
		DD9D08382B7BF19000BAB6CD /* Poppins-Medium.ttf */ = {isa = PBXFileReference; lastKnownFileType = file; path = "Poppins-Medium.ttf"; sourceTree = "<group>"; };
		DD9D083A2B7BF19B00BAB6CD /* Poppins-Regular.ttf */ = {isa = PBXFileReference; lastKnownFileType = file; path = "Poppins-Regular.ttf"; sourceTree = "<group>"; };
		DD9D083C2B7BF1C700BAB6CD /* SF-Pro-Display-Regular.otf */ = {isa = PBXFileReference; lastKnownFileType = file; path = "SF-Pro-Display-Regular.otf"; sourceTree = "<group>"; };
		DD9D083E2B7BF2F800BAB6CD /* Fonts.swift */ = {isa = PBXFileReference; fileEncoding = 4; lastKnownFileType = sourcecode.swift; path = Fonts.swift; sourceTree = "<group>"; };
		DD9D08402B7BF53300BAB6CD /* Localizable.strings */ = {isa = PBXFileReference; lastKnownFileType = text.plist.strings; path = Localizable.strings; sourceTree = "<group>"; };
		DD9D08422B7BF71000BAB6CD /* Strings+Generated.swift */ = {isa = PBXFileReference; fileEncoding = 4; lastKnownFileType = sourcecode.swift; path = "Strings+Generated.swift"; sourceTree = "<group>"; };
		DDC1D8432B75B77C0068598D /* .swiftlint.yml */ = {isa = PBXFileReference; lastKnownFileType = text.yaml; path = .swiftlint.yml; sourceTree = "<group>"; };
		DDC1D8482B7601A30068598D /* RegistrationView.swift */ = {isa = PBXFileReference; lastKnownFileType = sourcecode.swift; path = RegistrationView.swift; sourceTree = "<group>"; };
		DDC1D84B2B7602A20068598D /* SignInView.swift */ = {isa = PBXFileReference; lastKnownFileType = sourcecode.swift; path = SignInView.swift; sourceTree = "<group>"; };
		DDC1D84E2B7963530068598D /* CodeConfirmationView.swift */ = {isa = PBXFileReference; lastKnownFileType = sourcecode.swift; path = CodeConfirmationView.swift; sourceTree = "<group>"; };
		DDF8B58A2B70ED3C005FE06A /* NeoCafe Client.app */ = {isa = PBXFileReference; explicitFileType = wrapper.application; includeInIndex = 0; path = "NeoCafe Client.app"; sourceTree = BUILT_PRODUCTS_DIR; };
		DDF8B58D2B70ED3C005FE06A /* AppDelegate.swift */ = {isa = PBXFileReference; lastKnownFileType = sourcecode.swift; path = AppDelegate.swift; sourceTree = "<group>"; };
		DDF8B58F2B70ED3C005FE06A /* SceneDelegate.swift */ = {isa = PBXFileReference; lastKnownFileType = sourcecode.swift; path = SceneDelegate.swift; sourceTree = "<group>"; };
		DDF8B5912B70ED3C005FE06A /* ViewController.swift */ = {isa = PBXFileReference; lastKnownFileType = sourcecode.swift; path = ViewController.swift; sourceTree = "<group>"; };
		DDF8B5962B70ED3E005FE06A /* Assets.xcassets */ = {isa = PBXFileReference; lastKnownFileType = folder.assetcatalog; path = Assets.xcassets; sourceTree = "<group>"; };
		DDF8B5992B70ED3E005FE06A /* Base */ = {isa = PBXFileReference; lastKnownFileType = file.storyboard; name = Base; path = Base.lproj/LaunchScreen.storyboard; sourceTree = "<group>"; };
		DDF8B59B2B70ED3E005FE06A /* Info.plist */ = {isa = PBXFileReference; lastKnownFileType = text.plist.xml; path = Info.plist; sourceTree = "<group>"; };
		DDF8B5C22B70F1C7005FE06A /* BaseAuthRegView.swift */ = {isa = PBXFileReference; lastKnownFileType = sourcecode.swift; path = BaseAuthRegView.swift; sourceTree = "<group>"; };
		DDF8B5C52B70F1FF005FE06A /* Model.swift */ = {isa = PBXFileReference; lastKnownFileType = sourcecode.swift; path = Model.swift; sourceTree = "<group>"; };
		DDF8B5C72B70F211005FE06A /* RegistrationViewController.swift */ = {isa = PBXFileReference; lastKnownFileType = sourcecode.swift; name = RegistrationViewController.swift; path = "/Users/burtebayraa/Desktop/NeoCafe/NeoCafe Client/NeoCafe Client/Regi+Auth Screens/RegistrationViewController.swift"; sourceTree = "<absolute>"; };
		DDF8B5C92B70F21D005FE06A /* RegisterViewModel.swift */ = {isa = PBXFileReference; lastKnownFileType = sourcecode.swift; path = RegisterViewModel.swift; sourceTree = "<group>"; };
		DDF8B5D02B70F288005FE06A /* CustomSegmentedControl.swift */ = {isa = PBXFileReference; lastKnownFileType = sourcecode.swift; path = CustomSegmentedControl.swift; sourceTree = "<group>"; };
		DDF8B5D22B70F299005FE06A /* CustomTextField.swift */ = {isa = PBXFileReference; lastKnownFileType = sourcecode.swift; path = CustomTextField.swift; sourceTree = "<group>"; };
		DDF8B5D72B70F2BA005FE06A /* CustomButton.swift */ = {isa = PBXFileReference; lastKnownFileType = sourcecode.swift; path = CustomButton.swift; sourceTree = "<group>"; };
/* End PBXFileReference section */

/* Begin PBXFrameworksBuildPhase section */
		DDF8B5872B70ED3C005FE06A /* Frameworks */ = {
			isa = PBXFrameworksBuildPhase;
			buildActionMask = 2147483647;
			files = (
				B18546FCF9870DF3864F7D37 /* Pods_NeoCafe_Client.framework in Frameworks */,
			);
			runOnlyForDeploymentPostprocessing = 0;
		};
/* End PBXFrameworksBuildPhase section */

/* Begin PBXGroup section */
		10249EED97C64A4D69FD28AD /* Frameworks */ = {
			isa = PBXGroup;
			children = (
				9D1EA6A4749DB070AC752431 /* Pods_NeoCafe_Client.framework */,
			);
			name = Frameworks;
			sourceTree = "<group>";
		};
		7E8D53AE51EA94EA59D91D42 /* Pods */ = {
			isa = PBXGroup;
			children = (
				7FC66A2F83A1FDDD0ECAFD78 /* Pods-NeoCafe Client.debug.xcconfig */,
				774A1FD35DC0575343951A93 /* Pods-NeoCafe Client.release.xcconfig */,
			);
			path = Pods;
			sourceTree = "<group>";
		};
		DD84CBA82B7B372B00580D4A /* Generated */ = {
			isa = PBXGroup;
			children = (
				DD9D08312B7B435D00BAB6CD /* XCAssets+Generated.swift */,
				DD9D083E2B7BF2F800BAB6CD /* Fonts.swift */,
				DD9D08422B7BF71000BAB6CD /* Strings+Generated.swift */,
			);
			path = Generated;
			sourceTree = "<group>";
		};
		DD84CBAC2B7B3B3100580D4A /* Delegates */ = {
			isa = PBXGroup;
			children = (
				DDF8B5982B70ED3E005FE06A /* LaunchScreen.storyboard */,
				DDF8B58D2B70ED3C005FE06A /* AppDelegate.swift */,
				DDF8B58F2B70ED3C005FE06A /* SceneDelegate.swift */,
			);
			path = Delegates;
			sourceTree = "<group>";
		};
		DD9556162B7A00E400FB65AF /* NetworkService */ = {
			isa = PBXGroup;
			children = (
				DD9556142B79F67300FB65AF /* NetworkService.swift */,
			);
			path = NetworkService;
			sourceTree = "<group>";
		};
		DD9D08352B7BF12800BAB6CD /* Fonts */ = {
			isa = PBXGroup;
			children = (
				DD9D083C2B7BF1C700BAB6CD /* SF-Pro-Display-Regular.otf */,
				DD9D08362B7BF18100BAB6CD /* Poppins-Bold.ttf */,
				DD9D08382B7BF19000BAB6CD /* Poppins-Medium.ttf */,
				DD9D083A2B7BF19B00BAB6CD /* Poppins-Regular.ttf */,
			);
			path = Fonts;
			sourceTree = "<group>";
		};
		DDC1D84A2B7601A70068598D /* View */ = {
			isa = PBXGroup;
			children = (
				DDF8B5C22B70F1C7005FE06A /* BaseAuthRegView.swift */,
				DDC1D84B2B7602A20068598D /* SignInView.swift */,
				DDC1D8482B7601A30068598D /* RegistrationView.swift */,
				DDC1D84E2B7963530068598D /* CodeConfirmationView.swift */,
			);
			path = View;
			sourceTree = "<group>";
		};
		DDF8B5812B70ED3C005FE06A = {
			isa = PBXGroup;
			children = (
				DD84CBAF2B7B414E00580D4A /* swiftgen.yml */,
				DDC1D8432B75B77C0068598D /* .swiftlint.yml */,
				DDF8B58C2B70ED3C005FE06A /* NeoCafe Client */,
				DDF8B58B2B70ED3C005FE06A /* Products */,
				7E8D53AE51EA94EA59D91D42 /* Pods */,
				10249EED97C64A4D69FD28AD /* Frameworks */,
			);
			sourceTree = "<group>";
		};
		DDF8B58B2B70ED3C005FE06A /* Products */ = {
			isa = PBXGroup;
			children = (
				DDF8B58A2B70ED3C005FE06A /* NeoCafe Client.app */,
			);
			name = Products;
			sourceTree = "<group>";
		};
		DDF8B58C2B70ED3C005FE06A /* NeoCafe Client */ = {
			isa = PBXGroup;
			children = (
				DDF8B59B2B70ED3E005FE06A /* Info.plist */,
				DD84CBA82B7B372B00580D4A /* Generated */,
				DDF8B5CF2B70F277005FE06A /* Custom */,
				DDF8B5C12B70F19A005FE06A /* Regi+Auth Screens */,
				DDF8B5912B70ED3C005FE06A /* ViewController.swift */,
				DDF8B5CD2B70F24D005FE06A /* Supporting */,
				DD9556162B7A00E400FB65AF /* NetworkService */,
			);
			path = "NeoCafe Client";
			sourceTree = "<group>";
		};
		DDF8B5C12B70F19A005FE06A /* Regi+Auth Screens */ = {
			isa = PBXGroup;
			children = (
				DDC1D84A2B7601A70068598D /* View */,
				DDF8B5C72B70F211005FE06A /* RegistrationViewController.swift */,
				DDF8B5C52B70F1FF005FE06A /* Model.swift */,
				DDF8B5C92B70F21D005FE06A /* RegisterViewModel.swift */,
			);
			path = "Regi+Auth Screens";
			sourceTree = "<group>";
		};
		DDF8B5CD2B70F24D005FE06A /* Supporting */ = {
			isa = PBXGroup;
			children = (
				DD9D08352B7BF12800BAB6CD /* Fonts */,
				DD84CBAC2B7B3B3100580D4A /* Delegates */,
				DDF8B5962B70ED3E005FE06A /* Assets.xcassets */,
				DD9D08402B7BF53300BAB6CD /* Localizable.strings */,
				DD93C18C2B7FF77800339287 /* Ext+UIViewController.swift */,
			);
			path = Supporting;
			sourceTree = "<group>";
		};
		DDF8B5CF2B70F277005FE06A /* Custom */ = {
			isa = PBXGroup;
			children = (
				DDF8B5D02B70F288005FE06A /* CustomSegmentedControl.swift */,
				DDF8B5D22B70F299005FE06A /* CustomTextField.swift */,
				DDF8B5D72B70F2BA005FE06A /* CustomButton.swift */,
			);
			path = Custom;
			sourceTree = "<group>";
		};
/* End PBXGroup section */

/* Begin PBXNativeTarget section */
		DDF8B5892B70ED3C005FE06A /* NeoCafe Client */ = {
			isa = PBXNativeTarget;
			buildConfigurationList = DDF8B59E2B70ED3E005FE06A /* Build configuration list for PBXNativeTarget "NeoCafe Client" */;
			buildPhases = (
				FDFF9AFB6452C8E5E9332C74 /* [CP] Check Pods Manifest.lock */,
				DD84CBAB2B7B37D300580D4A /* SwiftGen */,
				DDF8B5862B70ED3C005FE06A /* Sources */,
				DDF8B5872B70ED3C005FE06A /* Frameworks */,
				DDF8B5882B70ED3C005FE06A /* Resources */,
				8B1C9FBE46BFB0555F2F86AC /* [CP] Embed Pods Frameworks */,
				DDC1D8452B75B7EC0068598D /* SwiftLint */,
			);
			buildRules = (
			);
			dependencies = (
			);
			name = "NeoCafe Client";
			productName = "NeoCafe Client";
			productReference = DDF8B58A2B70ED3C005FE06A /* NeoCafe Client.app */;
			productType = "com.apple.product-type.application";
		};
/* End PBXNativeTarget section */

/* Begin PBXProject section */
		DDF8B5822B70ED3C005FE06A /* Project object */ = {
			isa = PBXProject;
			attributes = {
				BuildIndependentTargetsInParallel = 1;
				LastSwiftUpdateCheck = 1520;
				LastUpgradeCheck = 1520;
				TargetAttributes = {
					DDF8B5892B70ED3C005FE06A = {
						CreatedOnToolsVersion = 15.2;
					};
				};
			};
			buildConfigurationList = DDF8B5852B70ED3C005FE06A /* Build configuration list for PBXProject "NeoCafe Client" */;
			compatibilityVersion = "Xcode 14.0";
			developmentRegion = en;
			hasScannedForEncodings = 0;
			knownRegions = (
				en,
				Base,
			);
			mainGroup = DDF8B5812B70ED3C005FE06A;
			productRefGroup = DDF8B58B2B70ED3C005FE06A /* Products */;
			projectDirPath = "";
			projectRoot = "";
			targets = (
				DDF8B5892B70ED3C005FE06A /* NeoCafe Client */,
			);
		};
/* End PBXProject section */

/* Begin PBXResourcesBuildPhase section */
		DDF8B5882B70ED3C005FE06A /* Resources */ = {
			isa = PBXResourcesBuildPhase;
			buildActionMask = 2147483647;
			files = (
				DDC1D8442B75B77C0068598D /* .swiftlint.yml in Resources */,
				DDF8B59A2B70ED3E005FE06A /* LaunchScreen.storyboard in Resources */,
				DD9D083D2B7BF1C700BAB6CD /* SF-Pro-Display-Regular.otf in Resources */,
				DD9D083B2B7BF19B00BAB6CD /* Poppins-Regular.ttf in Resources */,
				DD9D08412B7BF53300BAB6CD /* Localizable.strings in Resources */,
				DD9D08372B7BF18100BAB6CD /* Poppins-Bold.ttf in Resources */,
				DD9D08392B7BF19000BAB6CD /* Poppins-Medium.ttf in Resources */,
				DDF8B5972B70ED3E005FE06A /* Assets.xcassets in Resources */,
				DD84CBB02B7B414E00580D4A /* swiftgen.yml in Resources */,
			);
			runOnlyForDeploymentPostprocessing = 0;
		};
/* End PBXResourcesBuildPhase section */

/* Begin PBXShellScriptBuildPhase section */
		8B1C9FBE46BFB0555F2F86AC /* [CP] Embed Pods Frameworks */ = {
			isa = PBXShellScriptBuildPhase;
			buildActionMask = 2147483647;
			files = (
			);
			inputFileListPaths = (
				"${PODS_ROOT}/Target Support Files/Pods-NeoCafe Client/Pods-NeoCafe Client-frameworks-${CONFIGURATION}-input-files.xcfilelist",
			);
			name = "[CP] Embed Pods Frameworks";
			outputFileListPaths = (
				"${PODS_ROOT}/Target Support Files/Pods-NeoCafe Client/Pods-NeoCafe Client-frameworks-${CONFIGURATION}-output-files.xcfilelist",
			);
			runOnlyForDeploymentPostprocessing = 0;
			shellPath = /bin/sh;
			shellScript = "\"${PODS_ROOT}/Target Support Files/Pods-NeoCafe Client/Pods-NeoCafe Client-frameworks.sh\"\n";
			showEnvVarsInLog = 0;
		};
		DD84CBAB2B7B37D300580D4A /* SwiftGen */ = {
			isa = PBXShellScriptBuildPhase;
			buildActionMask = 2147483647;
			files = (
			);
			inputFileListPaths = (
			);
			inputPaths = (
			);
			name = SwiftGen;
			outputFileListPaths = (
			);
			outputPaths = (
			);
			runOnlyForDeploymentPostprocessing = 0;
			shellPath = /bin/sh;
			shellScript = "# Type a script or drag a script file from your workspace to insert its path.\nif [[ -f \"${PODS_ROOT}/SwiftGen/bin/swiftgen\" ]]; then \n\n  \"${PODS_ROOT}/SwiftGen/bin/swiftgen\"\n\nelse \n  echo \"warning: SwiftGen is not installed. Run 'pod install --repo-update' to install it.\" \nfi \n\n";
		};
		DDC1D8452B75B7EC0068598D /* SwiftLint */ = {
			isa = PBXShellScriptBuildPhase;
			buildActionMask = 2147483647;
			files = (
			);
			inputFileListPaths = (
			);
			inputPaths = (
			);
			name = SwiftLint;
			outputFileListPaths = (
			);
			outputPaths = (
			);
			runOnlyForDeploymentPostprocessing = 0;
			shellPath = /bin/sh;
			shellScript = "# Type a script or drag a script file from your workspace to insert its path.\n#\"${PODS_ROOT}/SwiftLint/swiftlint\"\n\"${PODS_ROOT}/SwiftLint/swiftlint\" || true\n";
		};
		FDFF9AFB6452C8E5E9332C74 /* [CP] Check Pods Manifest.lock */ = {
			isa = PBXShellScriptBuildPhase;
			buildActionMask = 2147483647;
			files = (
			);
			inputFileListPaths = (
			);
			inputPaths = (
				"${PODS_PODFILE_DIR_PATH}/Podfile.lock",
				"${PODS_ROOT}/Manifest.lock",
			);
			name = "[CP] Check Pods Manifest.lock";
			outputFileListPaths = (
			);
			outputPaths = (
				"$(DERIVED_FILE_DIR)/Pods-NeoCafe Client-checkManifestLockResult.txt",
			);
			runOnlyForDeploymentPostprocessing = 0;
			shellPath = /bin/sh;
			shellScript = "diff \"${PODS_PODFILE_DIR_PATH}/Podfile.lock\" \"${PODS_ROOT}/Manifest.lock\" > /dev/null\nif [ $? != 0 ] ; then\n    # print error to STDERR\n    echo \"error: The sandbox is not in sync with the Podfile.lock. Run 'pod install' or update your CocoaPods installation.\" >&2\n    exit 1\nfi\n# This output is used by Xcode 'outputs' to avoid re-running this script phase.\necho \"SUCCESS\" > \"${SCRIPT_OUTPUT_FILE_0}\"\n";
			showEnvVarsInLog = 0;
		};
/* End PBXShellScriptBuildPhase section */

/* Begin PBXSourcesBuildPhase section */
		DDF8B5862B70ED3C005FE06A /* Sources */ = {
			isa = PBXSourcesBuildPhase;
			buildActionMask = 2147483647;
			files = (
				DDF8B5C62B70F1FF005FE06A /* Model.swift in Sources */,
				DDF8B5922B70ED3C005FE06A /* ViewController.swift in Sources */,
				DDF8B5CA2B70F21D005FE06A /* RegisterViewModel.swift in Sources */,
				DDC1D8492B7601A30068598D /* RegistrationView.swift in Sources */,
				DDF8B5D32B70F299005FE06A /* CustomTextField.swift in Sources */,
				DDF8B5C32B70F1C7005FE06A /* BaseAuthRegView.swift in Sources */,
				DD93C18D2B7FF77800339287 /* Ext+UIViewController.swift in Sources */,
				DD9D083F2B7BF2F800BAB6CD /* Fonts.swift in Sources */,
				DDF8B5D12B70F288005FE06A /* CustomSegmentedControl.swift in Sources */,
				DDF8B5D82B70F2BA005FE06A /* CustomButton.swift in Sources */,
				DDF8B5C82B70F211005FE06A /* RegistrationViewController.swift in Sources */,
				DD9556152B79F67300FB65AF /* NetworkService.swift in Sources */,
				DD9D08432B7BF71000BAB6CD /* Strings+Generated.swift in Sources */,
				DD9D08322B7B435D00BAB6CD /* XCAssets+Generated.swift in Sources */,
				DDC1D84F2B7963530068598D /* CodeConfirmationView.swift in Sources */,
				DDF8B58E2B70ED3C005FE06A /* AppDelegate.swift in Sources */,
				DDF8B5902B70ED3C005FE06A /* SceneDelegate.swift in Sources */,
				DDC1D84C2B7602A20068598D /* SignInView.swift in Sources */,
			);
			runOnlyForDeploymentPostprocessing = 0;
		};
/* End PBXSourcesBuildPhase section */

/* Begin PBXVariantGroup section */
		DDF8B5982B70ED3E005FE06A /* LaunchScreen.storyboard */ = {
			isa = PBXVariantGroup;
			children = (
				DDF8B5992B70ED3E005FE06A /* Base */,
			);
			name = LaunchScreen.storyboard;
			sourceTree = "<group>";
		};
/* End PBXVariantGroup section */

/* Begin XCBuildConfiguration section */
		DDF8B59C2B70ED3E005FE06A /* Debug */ = {
			isa = XCBuildConfiguration;
			buildSettings = {
				ALWAYS_SEARCH_USER_PATHS = NO;
				ASSETCATALOG_COMPILER_GENERATE_SWIFT_ASSET_SYMBOL_EXTENSIONS = YES;
				CLANG_ANALYZER_NONNULL = YES;
				CLANG_ANALYZER_NUMBER_OBJECT_CONVERSION = YES_AGGRESSIVE;
				CLANG_CXX_LANGUAGE_STANDARD = "gnu++20";
				CLANG_ENABLE_MODULES = YES;
				CLANG_ENABLE_OBJC_ARC = YES;
				CLANG_ENABLE_OBJC_WEAK = YES;
				CLANG_WARN_BLOCK_CAPTURE_AUTORELEASING = YES;
				CLANG_WARN_BOOL_CONVERSION = YES;
				CLANG_WARN_COMMA = YES;
				CLANG_WARN_CONSTANT_CONVERSION = YES;
				CLANG_WARN_DEPRECATED_OBJC_IMPLEMENTATIONS = YES;
				CLANG_WARN_DIRECT_OBJC_ISA_USAGE = YES_ERROR;
				CLANG_WARN_DOCUMENTATION_COMMENTS = YES;
				CLANG_WARN_EMPTY_BODY = YES;
				CLANG_WARN_ENUM_CONVERSION = YES;
				CLANG_WARN_INFINITE_RECURSION = YES;
				CLANG_WARN_INT_CONVERSION = YES;
				CLANG_WARN_NON_LITERAL_NULL_CONVERSION = YES;
				CLANG_WARN_OBJC_IMPLICIT_RETAIN_SELF = YES;
				CLANG_WARN_OBJC_LITERAL_CONVERSION = YES;
				CLANG_WARN_OBJC_ROOT_CLASS = YES_ERROR;
				CLANG_WARN_QUOTED_INCLUDE_IN_FRAMEWORK_HEADER = YES;
				CLANG_WARN_RANGE_LOOP_ANALYSIS = YES;
				CLANG_WARN_STRICT_PROTOTYPES = YES;
				CLANG_WARN_SUSPICIOUS_MOVE = YES;
				CLANG_WARN_UNGUARDED_AVAILABILITY = YES_AGGRESSIVE;
				CLANG_WARN_UNREACHABLE_CODE = YES;
				CLANG_WARN__DUPLICATE_METHOD_MATCH = YES;
				COPY_PHASE_STRIP = NO;
				DEBUG_INFORMATION_FORMAT = dwarf;
				ENABLE_STRICT_OBJC_MSGSEND = YES;
				ENABLE_TESTABILITY = YES;
				ENABLE_USER_SCRIPT_SANDBOXING = NO;
				GCC_C_LANGUAGE_STANDARD = gnu17;
				GCC_DYNAMIC_NO_PIC = NO;
				GCC_NO_COMMON_BLOCKS = YES;
				GCC_OPTIMIZATION_LEVEL = 0;
				GCC_PREPROCESSOR_DEFINITIONS = (
					"DEBUG=1",
					"$(inherited)",
				);
				GCC_WARN_64_TO_32_BIT_CONVERSION = YES;
				GCC_WARN_ABOUT_RETURN_TYPE = YES_ERROR;
				GCC_WARN_UNDECLARED_SELECTOR = YES;
				GCC_WARN_UNINITIALIZED_AUTOS = YES_AGGRESSIVE;
				GCC_WARN_UNUSED_FUNCTION = YES;
				GCC_WARN_UNUSED_VARIABLE = YES;
				IPHONEOS_DEPLOYMENT_TARGET = 17.2;
				LOCALIZATION_PREFERS_STRING_CATALOGS = YES;
				MTL_ENABLE_DEBUG_INFO = INCLUDE_SOURCE;
				MTL_FAST_MATH = YES;
				ONLY_ACTIVE_ARCH = YES;
				SDKROOT = iphoneos;
				SWIFT_ACTIVE_COMPILATION_CONDITIONS = "DEBUG $(inherited)";
				SWIFT_OPTIMIZATION_LEVEL = "-Onone";
			};
			name = Debug;
		};
		DDF8B59D2B70ED3E005FE06A /* Release */ = {
			isa = XCBuildConfiguration;
			buildSettings = {
				ALWAYS_SEARCH_USER_PATHS = NO;
				ASSETCATALOG_COMPILER_GENERATE_SWIFT_ASSET_SYMBOL_EXTENSIONS = YES;
				CLANG_ANALYZER_NONNULL = YES;
				CLANG_ANALYZER_NUMBER_OBJECT_CONVERSION = YES_AGGRESSIVE;
				CLANG_CXX_LANGUAGE_STANDARD = "gnu++20";
				CLANG_ENABLE_MODULES = YES;
				CLANG_ENABLE_OBJC_ARC = YES;
				CLANG_ENABLE_OBJC_WEAK = YES;
				CLANG_WARN_BLOCK_CAPTURE_AUTORELEASING = YES;
				CLANG_WARN_BOOL_CONVERSION = YES;
				CLANG_WARN_COMMA = YES;
				CLANG_WARN_CONSTANT_CONVERSION = YES;
				CLANG_WARN_DEPRECATED_OBJC_IMPLEMENTATIONS = YES;
				CLANG_WARN_DIRECT_OBJC_ISA_USAGE = YES_ERROR;
				CLANG_WARN_DOCUMENTATION_COMMENTS = YES;
				CLANG_WARN_EMPTY_BODY = YES;
				CLANG_WARN_ENUM_CONVERSION = YES;
				CLANG_WARN_INFINITE_RECURSION = YES;
				CLANG_WARN_INT_CONVERSION = YES;
				CLANG_WARN_NON_LITERAL_NULL_CONVERSION = YES;
				CLANG_WARN_OBJC_IMPLICIT_RETAIN_SELF = YES;
				CLANG_WARN_OBJC_LITERAL_CONVERSION = YES;
				CLANG_WARN_OBJC_ROOT_CLASS = YES_ERROR;
				CLANG_WARN_QUOTED_INCLUDE_IN_FRAMEWORK_HEADER = YES;
				CLANG_WARN_RANGE_LOOP_ANALYSIS = YES;
				CLANG_WARN_STRICT_PROTOTYPES = YES;
				CLANG_WARN_SUSPICIOUS_MOVE = YES;
				CLANG_WARN_UNGUARDED_AVAILABILITY = YES_AGGRESSIVE;
				CLANG_WARN_UNREACHABLE_CODE = YES;
				CLANG_WARN__DUPLICATE_METHOD_MATCH = YES;
				COPY_PHASE_STRIP = NO;
				DEBUG_INFORMATION_FORMAT = "dwarf-with-dsym";
				ENABLE_NS_ASSERTIONS = NO;
				ENABLE_STRICT_OBJC_MSGSEND = YES;
				ENABLE_USER_SCRIPT_SANDBOXING = NO;
				GCC_C_LANGUAGE_STANDARD = gnu17;
				GCC_NO_COMMON_BLOCKS = YES;
				GCC_WARN_64_TO_32_BIT_CONVERSION = YES;
				GCC_WARN_ABOUT_RETURN_TYPE = YES_ERROR;
				GCC_WARN_UNDECLARED_SELECTOR = YES;
				GCC_WARN_UNINITIALIZED_AUTOS = YES_AGGRESSIVE;
				GCC_WARN_UNUSED_FUNCTION = YES;
				GCC_WARN_UNUSED_VARIABLE = YES;
				IPHONEOS_DEPLOYMENT_TARGET = 17.2;
				LOCALIZATION_PREFERS_STRING_CATALOGS = YES;
				MTL_ENABLE_DEBUG_INFO = NO;
				MTL_FAST_MATH = YES;
				SDKROOT = iphoneos;
				SWIFT_COMPILATION_MODE = wholemodule;
				VALIDATE_PRODUCT = YES;
			};
			name = Release;
		};
		DDF8B59F2B70ED3E005FE06A /* Debug */ = {
			isa = XCBuildConfiguration;
			baseConfigurationReference = 7FC66A2F83A1FDDD0ECAFD78 /* Pods-NeoCafe Client.debug.xcconfig */;
			buildSettings = {
				ASSETCATALOG_COMPILER_APPICON_NAME = AppIcon;
				ASSETCATALOG_COMPILER_GLOBAL_ACCENT_COLOR_NAME = AccentColor;
				CODE_SIGN_STYLE = Automatic;
				CURRENT_PROJECT_VERSION = 1;
				DEVELOPMENT_TEAM = H7BR8NTQAT;
				GENERATE_INFOPLIST_FILE = YES;
				INFOPLIST_FILE = "NeoCafe Client/Info.plist";
				INFOPLIST_KEY_UIApplicationSupportsIndirectInputEvents = YES;
				INFOPLIST_KEY_UILaunchStoryboardName = LaunchScreen;
				INFOPLIST_KEY_UISupportedInterfaceOrientations_iPad = "UIInterfaceOrientationPortrait UIInterfaceOrientationPortraitUpsideDown UIInterfaceOrientationLandscapeLeft UIInterfaceOrientationLandscapeRight";
				INFOPLIST_KEY_UISupportedInterfaceOrientations_iPhone = "UIInterfaceOrientationPortrait UIInterfaceOrientationLandscapeLeft UIInterfaceOrientationLandscapeRight";
				LD_RUNPATH_SEARCH_PATHS = (
					"$(inherited)",
					"@executable_path/Frameworks",
				);
				MARKETING_VERSION = 1.0;
				PRODUCT_BUNDLE_IDENTIFIER = "burte.NeoCafe-Client";
				PRODUCT_NAME = "$(TARGET_NAME)";
				SWIFT_EMIT_LOC_STRINGS = YES;
				SWIFT_VERSION = 5.0;
				TARGETED_DEVICE_FAMILY = "1,2";
			};
			name = Debug;
		};
		DDF8B5A02B70ED3E005FE06A /* Release */ = {
			isa = XCBuildConfiguration;
			baseConfigurationReference = 774A1FD35DC0575343951A93 /* Pods-NeoCafe Client.release.xcconfig */;
			buildSettings = {
				ASSETCATALOG_COMPILER_APPICON_NAME = AppIcon;
				ASSETCATALOG_COMPILER_GLOBAL_ACCENT_COLOR_NAME = AccentColor;
				CODE_SIGN_STYLE = Automatic;
				CURRENT_PROJECT_VERSION = 1;
				DEVELOPMENT_TEAM = H7BR8NTQAT;
				GENERATE_INFOPLIST_FILE = YES;
				INFOPLIST_FILE = "NeoCafe Client/Info.plist";
				INFOPLIST_KEY_UIApplicationSupportsIndirectInputEvents = YES;
				INFOPLIST_KEY_UILaunchStoryboardName = LaunchScreen;
				INFOPLIST_KEY_UISupportedInterfaceOrientations_iPad = "UIInterfaceOrientationPortrait UIInterfaceOrientationPortraitUpsideDown UIInterfaceOrientationLandscapeLeft UIInterfaceOrientationLandscapeRight";
				INFOPLIST_KEY_UISupportedInterfaceOrientations_iPhone = "UIInterfaceOrientationPortrait UIInterfaceOrientationLandscapeLeft UIInterfaceOrientationLandscapeRight";
				LD_RUNPATH_SEARCH_PATHS = (
					"$(inherited)",
					"@executable_path/Frameworks",
				);
				MARKETING_VERSION = 1.0;
				PRODUCT_BUNDLE_IDENTIFIER = "burte.NeoCafe-Client";
				PRODUCT_NAME = "$(TARGET_NAME)";
				SWIFT_EMIT_LOC_STRINGS = YES;
				SWIFT_VERSION = 5.0;
				TARGETED_DEVICE_FAMILY = "1,2";
			};
			name = Release;
		};
/* End XCBuildConfiguration section */

/* Begin XCConfigurationList section */
		DDF8B5852B70ED3C005FE06A /* Build configuration list for PBXProject "NeoCafe Client" */ = {
			isa = XCConfigurationList;
			buildConfigurations = (
				DDF8B59C2B70ED3E005FE06A /* Debug */,
				DDF8B59D2B70ED3E005FE06A /* Release */,
			);
			defaultConfigurationIsVisible = 0;
			defaultConfigurationName = Release;
		};
		DDF8B59E2B70ED3E005FE06A /* Build configuration list for PBXNativeTarget "NeoCafe Client" */ = {
			isa = XCConfigurationList;
			buildConfigurations = (
				DDF8B59F2B70ED3E005FE06A /* Debug */,
				DDF8B5A02B70ED3E005FE06A /* Release */,
			);
			defaultConfigurationIsVisible = 0;
			defaultConfigurationName = Release;
		};
/* End XCConfigurationList section */
	};
	rootObject = DDF8B5822B70ED3C005FE06A /* Project object */;
}
