// !$*UTF8*$!
{
	archiveVersion = 1;
	classes = {
	};
	objectVersion = 56;
	objects = {

/* Begin PBXBuildFile section */
		B18546FCF9870DF3864F7D37 /* Pods_NeoCafe_Client.framework in Frameworks */ = {isa = PBXBuildFile; fileRef = 9D1EA6A4749DB070AC752431 /* Pods_NeoCafe_Client.framework */; };
		DD03C7022B8571FB002D8977 /* SplashView.swift in Sources */ = {isa = PBXBuildFile; fileRef = DD03C7012B8571FB002D8977 /* SplashView.swift */; };
		DD03C7042B85721A002D8977 /* SplashViewController.swift in Sources */ = {isa = PBXBuildFile; fileRef = DD03C7032B85721A002D8977 /* SplashViewController.swift */; };
		DD3FA30D2B8D0BB500B89DDB /* TabBarViewController.swift in Sources */ = {isa = PBXBuildFile; fileRef = DD3FA30C2B8D0BB500B89DDB /* TabBarViewController.swift */; };
		DD6035132BA989B5003FFDDC /* BranchesModalViewModel.swift in Sources */ = {isa = PBXBuildFile; fileRef = DD6035122BA989B5003FFDDC /* BranchesModalViewModel.swift */; };
		DD6035152BA9EDB7003FFDDC /* Extension+Currency.swift in Sources */ = {isa = PBXBuildFile; fileRef = DD6035142BA9EDB7003FFDDC /* Extension+Currency.swift */; };
		DD6035172BADA975003FFDDC /* Extension+Notifications.swift in Sources */ = {isa = PBXBuildFile; fileRef = DD6035162BADA975003FFDDC /* Extension+Notifications.swift */; };
		DD73F2F72BA0129800C33E21 /* BonusModalView.swift in Sources */ = {isa = PBXBuildFile; fileRef = DD73F2F62BA0129800C33E21 /* BonusModalView.swift */; };
		DD73F2F92BA04A5900C33E21 /* BonusViewController.swift in Sources */ = {isa = PBXBuildFile; fileRef = DD73F2F82BA04A5900C33E21 /* BonusViewController.swift */; };
		DD73F2FB2BA04AC000C33E21 /* BonusModalViewModel.swift in Sources */ = {isa = PBXBuildFile; fileRef = DD73F2FA2BA04AC000C33E21 /* BonusModalViewModel.swift */; };
		DD73F2FD2BA04E9000C33E21 /* CartViewModel.swift in Sources */ = {isa = PBXBuildFile; fileRef = DD73F2FC2BA04E9000C33E21 /* CartViewModel.swift */; };
		DD73F3012BA1F55B00C33E21 /* BranchesViewModel.swift in Sources */ = {isa = PBXBuildFile; fileRef = DD73F3002BA1F55B00C33E21 /* BranchesViewModel.swift */; };
		DD73F3032BA36C4900C33E21 /* BranchDetailViewModel.swift in Sources */ = {isa = PBXBuildFile; fileRef = DD73F3022BA36C4900C33E21 /* BranchDetailViewModel.swift */; };
		DD73F3052BA386E900C33E21 /* ProfileViewModel.swift in Sources */ = {isa = PBXBuildFile; fileRef = DD73F3042BA386E900C33E21 /* ProfileViewModel.swift */; };
		DD73F3072BA3877200C33E21 /* EditProfileViewModel.swift in Sources */ = {isa = PBXBuildFile; fileRef = DD73F3062BA3877200C33E21 /* EditProfileViewModel.swift */; };
		DD73F3092BA38D6800C33E21 /* ScheduleCell.swift in Sources */ = {isa = PBXBuildFile; fileRef = DD73F3082BA38D6800C33E21 /* ScheduleCell.swift */; };
		DD73F30B2BA630BE00C33E21 /* SwitchingStepper.swift in Sources */ = {isa = PBXBuildFile; fileRef = DD73F30A2BA630BE00C33E21 /* SwitchingStepper.swift */; };
		DD84CBB02B7B414E00580D4A /* swiftgen.yml in Resources */ = {isa = PBXBuildFile; fileRef = DD84CBAF2B7B414E00580D4A /* swiftgen.yml */; };
		DD92BCE12B98D50900E0825E /* BranchesView.swift in Sources */ = {isa = PBXBuildFile; fileRef = DD92BCE02B98D50900E0825E /* BranchesView.swift */; };
		DD92BCE32B98D53A00E0825E /* BranchesViewController.swift in Sources */ = {isa = PBXBuildFile; fileRef = DD92BCE22B98D53A00E0825E /* BranchesViewController.swift */; };
		DD92BCE62B99827600E0825E /* BranchDetailViewController.swift in Sources */ = {isa = PBXBuildFile; fileRef = DD92BCE52B99827600E0825E /* BranchDetailViewController.swift */; };
		DD92BCE82B99827C00E0825E /* BranchDetailView.swift in Sources */ = {isa = PBXBuildFile; fileRef = DD92BCE72B99827C00E0825E /* BranchDetailView.swift */; };
		DD93C18D2B7FF77800339287 /* Ext+UIViewController.swift in Sources */ = {isa = PBXBuildFile; fileRef = DD93C18C2B7FF77800339287 /* Ext+UIViewController.swift */; };
		DD93C18F2B81C5CC00339287 /* Network.swift in Sources */ = {isa = PBXBuildFile; fileRef = DD93C18E2B81C5CC00339287 /* Network.swift */; };
		DD93C1942B82CBEE00339287 /* CustomSearchBar.swift in Sources */ = {isa = PBXBuildFile; fileRef = DD93C1932B82CBEE00339287 /* CustomSearchBar.swift */; };
		DD93C1972B83869700339287 /* Extension+UIFont.swift in Sources */ = {isa = PBXBuildFile; fileRef = DD93C1962B83869700339287 /* Extension+UIFont.swift */; };
		DD93C1992B838BC100339287 /* Extension+UIColor.swift in Sources */ = {isa = PBXBuildFile; fileRef = DD93C1982B838BC100339287 /* Extension+UIColor.swift */; };
		DD9556152B79F67300FB65AF /* UserAPI.swift in Sources */ = {isa = PBXBuildFile; fileRef = DD9556142B79F67300FB65AF /* UserAPI.swift */; };
		DD9D08322B7B435D00BAB6CD /* XCAssets+Generated.swift in Sources */ = {isa = PBXBuildFile; fileRef = DD9D08312B7B435D00BAB6CD /* XCAssets+Generated.swift */; };
		DD9D08372B7BF18100BAB6CD /* Poppins-Bold.ttf in Resources */ = {isa = PBXBuildFile; fileRef = DD9D08362B7BF18100BAB6CD /* Poppins-Bold.ttf */; };
		DD9D08392B7BF19000BAB6CD /* Poppins-Medium.ttf in Resources */ = {isa = PBXBuildFile; fileRef = DD9D08382B7BF19000BAB6CD /* Poppins-Medium.ttf */; };
		DD9D083B2B7BF19B00BAB6CD /* Poppins-Regular.ttf in Resources */ = {isa = PBXBuildFile; fileRef = DD9D083A2B7BF19B00BAB6CD /* Poppins-Regular.ttf */; };
		DD9D083D2B7BF1C700BAB6CD /* SF-Pro-Display-Regular.otf in Resources */ = {isa = PBXBuildFile; fileRef = DD9D083C2B7BF1C700BAB6CD /* SF-Pro-Display-Regular.otf */; };
		DD9D083F2B7BF2F800BAB6CD /* Fonts.swift in Sources */ = {isa = PBXBuildFile; fileRef = DD9D083E2B7BF2F800BAB6CD /* Fonts.swift */; };
		DD9D08412B7BF53300BAB6CD /* Localizable.strings in Resources */ = {isa = PBXBuildFile; fileRef = DD9D08402B7BF53300BAB6CD /* Localizable.strings */; };
		DD9D08432B7BF71000BAB6CD /* Strings+Generated.swift in Sources */ = {isa = PBXBuildFile; fileRef = DD9D08422B7BF71000BAB6CD /* Strings+Generated.swift */; };
		DD9DD0B82B8FD60700C489F6 /* MenuProductCell.swift in Sources */ = {isa = PBXBuildFile; fileRef = DD9DD0B72B8FD60700C489F6 /* MenuProductCell.swift */; };
		DD9DD0BA2B8FD63C00C489F6 /* MenuCategoryCell.swift in Sources */ = {isa = PBXBuildFile; fileRef = DD9DD0B92B8FD63C00C489F6 /* MenuCategoryCell.swift */; };
		DD9DD0BE2B8FD66800C489F6 /* MenuView.swift in Sources */ = {isa = PBXBuildFile; fileRef = DD9DD0BD2B8FD66800C489F6 /* MenuView.swift */; };
		DD9DD0C02B8FD68400C489F6 /* MenuViewController.swift in Sources */ = {isa = PBXBuildFile; fileRef = DD9DD0BF2B8FD68400C489F6 /* MenuViewController.swift */; };
		DD9DD0C52B8FEF4A00C489F6 /* ProductView.swift in Sources */ = {isa = PBXBuildFile; fileRef = DD9DD0C42B8FEF4A00C489F6 /* ProductView.swift */; };
		DD9DD0C72B8FEF5500C489F6 /* ProductViewController.swift in Sources */ = {isa = PBXBuildFile; fileRef = DD9DD0C62B8FEF5500C489F6 /* ProductViewController.swift */; };
		DD9DD0CA2B8FF1BA00C489F6 /* BaseContentView.swift in Sources */ = {isa = PBXBuildFile; fileRef = DD9DD0C92B8FF1BA00C489F6 /* BaseContentView.swift */; };
		DD9DD0CC2B8FF1F800C489F6 /* BaseContentViewController.swift in Sources */ = {isa = PBXBuildFile; fileRef = DD9DD0CB2B8FF1F800C489F6 /* BaseContentViewController.swift */; };
		DD9DD0CE2B8FF21700C489F6 /* BaseContentViewModelController.swift in Sources */ = {isa = PBXBuildFile; fileRef = DD9DD0CD2B8FF21700C489F6 /* BaseContentViewModelController.swift */; };
		DD9DD0D02B8FF4A700C489F6 /* ProductViewModel.swift in Sources */ = {isa = PBXBuildFile; fileRef = DD9DD0CF2B8FF4A700C489F6 /* ProductViewModel.swift */; };
		DD9DD0D22B90B45E00C489F6 /* ModalSheet.swift in Sources */ = {isa = PBXBuildFile; fileRef = DD9DD0D12B90B45E00C489F6 /* ModalSheet.swift */; };
		DD9DD0D52B90DF6600C489F6 /* BranchesModalView.swift in Sources */ = {isa = PBXBuildFile; fileRef = DD9DD0D42B90DF6600C489F6 /* BranchesModalView.swift */; };
		DD9DD0D72B90DFB500C489F6 /* BranchesModalCell.swift in Sources */ = {isa = PBXBuildFile; fileRef = DD9DD0D62B90DFB500C489F6 /* BranchesModalCell.swift */; };
		DD9DD0D92B90E36700C489F6 /* BranchesModalViewController.swift in Sources */ = {isa = PBXBuildFile; fileRef = DD9DD0D82B90E36700C489F6 /* BranchesModalViewController.swift */; };
		DD9DD0DB2B90EBD600C489F6 /* Poppins-SemiBold.ttf in Resources */ = {isa = PBXBuildFile; fileRef = DD9DD0DA2B90EBD600C489F6 /* Poppins-SemiBold.ttf */; };
		DD9DD0DF2B91054A00C489F6 /* CartView.swift in Sources */ = {isa = PBXBuildFile; fileRef = DD9DD0DE2B91054A00C489F6 /* CartView.swift */; };
		DD9DD0E12B91107E00C489F6 /* CartViewController.swift in Sources */ = {isa = PBXBuildFile; fileRef = DD9DD0E02B91107E00C489F6 /* CartViewController.swift */; };
		DD9DD0E32B91229500C489F6 /* EmptyCartView.swift in Sources */ = {isa = PBXBuildFile; fileRef = DD9DD0E22B91229500C489F6 /* EmptyCartView.swift */; };
		DD9DD0E52B9146EC00C489F6 /* OrderHistoryView.swift in Sources */ = {isa = PBXBuildFile; fileRef = DD9DD0E42B9146EC00C489F6 /* OrderHistoryView.swift */; };
		DD9DD0E82B91491200C489F6 /* OrderHistoryViewController.swift in Sources */ = {isa = PBXBuildFile; fileRef = DD9DD0E72B91491200C489F6 /* OrderHistoryViewController.swift */; };
		DD9DD0EB2B94581B00C489F6 /* OrderDetailsView.swift in Sources */ = {isa = PBXBuildFile; fileRef = DD9DD0EA2B94581B00C489F6 /* OrderDetailsView.swift */; };
		DD9DD0ED2B94586B00C489F6 /* OrderDetailsViewController.swift in Sources */ = {isa = PBXBuildFile; fileRef = DD9DD0EC2B94586B00C489F6 /* OrderDetailsViewController.swift */; };
		DD9DD0F42B94795C00C489F6 /* Router.swift in Sources */ = {isa = PBXBuildFile; fileRef = DD9DD0F12B94795C00C489F6 /* Router.swift */; };
		DD9DD0F52B94795C00C489F6 /* BaseCoordinator.swift in Sources */ = {isa = PBXBuildFile; fileRef = DD9DD0F22B94795C00C489F6 /* BaseCoordinator.swift */; };
		DD9DD0F62B94795C00C489F6 /* Presentable.swift in Sources */ = {isa = PBXBuildFile; fileRef = DD9DD0F32B94795C00C489F6 /* Presentable.swift */; };
		DD9DD0F92B94798C00C489F6 /* AppCoordinator.swift in Sources */ = {isa = PBXBuildFile; fileRef = DD9DD0F82B94798C00C489F6 /* AppCoordinator.swift */; };
		DD9DD0FB2B94CA0700C489F6 /* InitializationCoordinator.swift in Sources */ = {isa = PBXBuildFile; fileRef = DD9DD0FA2B94CA0700C489F6 /* InitializationCoordinator.swift */; };
		DD9DD0FD2B94D35200C489F6 /* SplashViewModel.swift in Sources */ = {isa = PBXBuildFile; fileRef = DD9DD0FC2B94D35200C489F6 /* SplashViewModel.swift */; };
		DD9DD0FF2B95ADCD00C489F6 /* AuthenticationCoordinator.swift in Sources */ = {isa = PBXBuildFile; fileRef = DD9DD0FE2B95ADCD00C489F6 /* AuthenticationCoordinator.swift */; };
		DD9DD1012B95E0C100C489F6 /* MainCoordinator.swift in Sources */ = {isa = PBXBuildFile; fileRef = DD9DD1002B95E0C100C489F6 /* MainCoordinator.swift */; };
		DD9DD1032B95E0E400C489F6 /* CartCoordinator.swift in Sources */ = {isa = PBXBuildFile; fileRef = DD9DD1022B95E0E400C489F6 /* CartCoordinator.swift */; };
		DD9DD1052B95E0F700C489F6 /* BranchesCoordinator.swift in Sources */ = {isa = PBXBuildFile; fileRef = DD9DD1042B95E0F700C489F6 /* BranchesCoordinator.swift */; };
		DD9DD1072B95E10000C489F6 /* ProfileCoordinator.swift in Sources */ = {isa = PBXBuildFile; fileRef = DD9DD1062B95E10000C489F6 /* ProfileCoordinator.swift */; };
		DD9DD1092B95E23000C489F6 /* ProfileView.swift in Sources */ = {isa = PBXBuildFile; fileRef = DD9DD1082B95E23000C489F6 /* ProfileView.swift */; };
		DD9DD10B2B95E74900C489F6 /* ProfileViewController.swift in Sources */ = {isa = PBXBuildFile; fileRef = DD9DD10A2B95E74900C489F6 /* ProfileViewController.swift */; };
		DD9DD10D2B95F73900C489F6 /* EditProfileView.swift in Sources */ = {isa = PBXBuildFile; fileRef = DD9DD10C2B95F73900C489F6 /* EditProfileView.swift */; };
		DD9DD1112B95FBAA00C489F6 /* EditProfileViewController.swift in Sources */ = {isa = PBXBuildFile; fileRef = DD9DD1102B95FBAA00C489F6 /* EditProfileViewController.swift */; };
		DD9DD1132B95FF2D00C489F6 /* NotificationView.swift in Sources */ = {isa = PBXBuildFile; fileRef = DD9DD1122B95FF2D00C489F6 /* NotificationView.swift */; };
		DD9DD1152B95FF3A00C489F6 /* NotificationsViewController.swift in Sources */ = {isa = PBXBuildFile; fileRef = DD9DD1142B95FF3A00C489F6 /* NotificationsViewController.swift */; };
		DDAD65D32B8CB04F00F72345 /* CustomStepper.swift in Sources */ = {isa = PBXBuildFile; fileRef = DDAD65D22B8CB04F00F72345 /* CustomStepper.swift */; };
		DDAD65D52B8CB09B00F72345 /* BigProductCell.swift in Sources */ = {isa = PBXBuildFile; fileRef = DDAD65D42B8CB09B00F72345 /* BigProductCell.swift */; };
		DDAD65D72B8CB21400F72345 /* CategoryCell.swift in Sources */ = {isa = PBXBuildFile; fileRef = DDAD65D62B8CB21400F72345 /* CategoryCell.swift */; };
		DDAD65D92B8CB23200F72345 /* CollectionViewSingleHeader.swift in Sources */ = {isa = PBXBuildFile; fileRef = DDAD65D82B8CB23200F72345 /* CollectionViewSingleHeader.swift */; };
		DDAD65DD2B8CB29700F72345 /* MainView.swift in Sources */ = {isa = PBXBuildFile; fileRef = DDAD65DC2B8CB29700F72345 /* MainView.swift */; };
		DDAD65DF2B8CB3B100F72345 /* CustomHeaderView.swift in Sources */ = {isa = PBXBuildFile; fileRef = DDAD65DE2B8CB3B100F72345 /* CustomHeaderView.swift */; };
		DDAD65E22B8CBB9100F72345 /* AuthenticationViewController.swift in Sources */ = {isa = PBXBuildFile; fileRef = DDAD65E12B8CBB9100F72345 /* AuthenticationViewController.swift */; };
		DDC1D8442B75B77C0068598D /* .swiftlint.yml in Resources */ = {isa = PBXBuildFile; fileRef = DDC1D8432B75B77C0068598D /* .swiftlint.yml */; };
		DDC1D8492B7601A30068598D /* RegistrationView.swift in Sources */ = {isa = PBXBuildFile; fileRef = DDC1D8482B7601A30068598D /* RegistrationView.swift */; };
		DDC1D84C2B7602A20068598D /* SignInView.swift in Sources */ = {isa = PBXBuildFile; fileRef = DDC1D84B2B7602A20068598D /* SignInView.swift */; };
		DDC1D84F2B7963530068598D /* CodeConfirmationView.swift in Sources */ = {isa = PBXBuildFile; fileRef = DDC1D84E2B7963530068598D /* CodeConfirmationView.swift */; };
		DDCB6B782B9B7B4100407089 /* TabBarCoordinator.swift in Sources */ = {isa = PBXBuildFile; fileRef = DDCB6B772B9B7B4100407089 /* TabBarCoordinator.swift */; };
		DDCB6B7A2B9B7DB900407089 /* Extension+UIViews.swift in Sources */ = {isa = PBXBuildFile; fileRef = DDCB6B792B9B7DB900407089 /* Extension+UIViews.swift */; };
		DDCB6B7C2B9B7DE600407089 /* Extension+UICollectionViewCell+Register.swift in Sources */ = {isa = PBXBuildFile; fileRef = DDCB6B7B2B9B7DE600407089 /* Extension+UICollectionViewCell+Register.swift */; };
		DDCB6B7F2B9E381000407089 /* MainViewModel.swift in Sources */ = {isa = PBXBuildFile; fileRef = DDCB6B7E2B9E381000407089 /* MainViewModel.swift */; };
		DDCB6B812B9E3DEA00407089 /* APIModels.swift in Sources */ = {isa = PBXBuildFile; fileRef = DDCB6B802B9E3DEA00407089 /* APIModels.swift */; };
		DDCB6B832B9EF55400407089 /* NetworkService.swift in Sources */ = {isa = PBXBuildFile; fileRef = DDCB6B822B9EF55400407089 /* NetworkService.swift */; };
		DDCB6B852B9F0F4F00407089 /* MenuViewModel.swift in Sources */ = {isa = PBXBuildFile; fileRef = DDCB6B842B9F0F4E00407089 /* MenuViewModel.swift */; };
		DDCB6B872B9FBDF000407089 /* NotificationsViewModel.swift in Sources */ = {isa = PBXBuildFile; fileRef = DDCB6B862B9FBDF000407089 /* NotificationsViewModel.swift */; };
		DDCB6B892B9FC53600407089 /* NotificationsCell.swift in Sources */ = {isa = PBXBuildFile; fileRef = DDCB6B882B9FC53600407089 /* NotificationsCell.swift */; };
		DDF8B58E2B70ED3C005FE06A /* AppDelegate.swift in Sources */ = {isa = PBXBuildFile; fileRef = DDF8B58D2B70ED3C005FE06A /* AppDelegate.swift */; };
		DDF8B5902B70ED3C005FE06A /* SceneDelegate.swift in Sources */ = {isa = PBXBuildFile; fileRef = DDF8B58F2B70ED3C005FE06A /* SceneDelegate.swift */; };
		DDF8B5922B70ED3C005FE06A /* MainViewController.swift in Sources */ = {isa = PBXBuildFile; fileRef = DDF8B5912B70ED3C005FE06A /* MainViewController.swift */; };
		DDF8B5972B70ED3E005FE06A /* Assets.xcassets in Resources */ = {isa = PBXBuildFile; fileRef = DDF8B5962B70ED3E005FE06A /* Assets.xcassets */; };
		DDF8B59A2B70ED3E005FE06A /* LaunchScreen.storyboard in Resources */ = {isa = PBXBuildFile; fileRef = DDF8B5982B70ED3E005FE06A /* LaunchScreen.storyboard */; };
		DDF8B5C32B70F1C7005FE06A /* BaseAuthRegView.swift in Sources */ = {isa = PBXBuildFile; fileRef = DDF8B5C22B70F1C7005FE06A /* BaseAuthRegView.swift */; };
		DDF8B5C62B70F1FF005FE06A /* Model.swift in Sources */ = {isa = PBXBuildFile; fileRef = DDF8B5C52B70F1FF005FE06A /* Model.swift */; };
		DDF8B5CA2B70F21D005FE06A /* AuthenticationViewModel.swift in Sources */ = {isa = PBXBuildFile; fileRef = DDF8B5C92B70F21D005FE06A /* AuthenticationViewModel.swift */; };
		DDF8B5D12B70F288005FE06A /* CustomSegmentedControl.swift in Sources */ = {isa = PBXBuildFile; fileRef = DDF8B5D02B70F288005FE06A /* CustomSegmentedControl.swift */; };
		DDF8B5D32B70F299005FE06A /* CustomTextField.swift in Sources */ = {isa = PBXBuildFile; fileRef = DDF8B5D22B70F299005FE06A /* CustomTextField.swift */; };
		DDF8B5D82B70F2BA005FE06A /* CustomButton.swift in Sources */ = {isa = PBXBuildFile; fileRef = DDF8B5D72B70F2BA005FE06A /* CustomButton.swift */; };
/* End PBXBuildFile section */

/* Begin PBXFileReference section */
		774A1FD35DC0575343951A93 /* Pods-NeoCafe Client.release.xcconfig */ = {isa = PBXFileReference; includeInIndex = 1; lastKnownFileType = text.xcconfig; name = "Pods-NeoCafe Client.release.xcconfig"; path = "Target Support Files/Pods-NeoCafe Client/Pods-NeoCafe Client.release.xcconfig"; sourceTree = "<group>"; };
		7FC66A2F83A1FDDD0ECAFD78 /* Pods-NeoCafe Client.debug.xcconfig */ = {isa = PBXFileReference; includeInIndex = 1; lastKnownFileType = text.xcconfig; name = "Pods-NeoCafe Client.debug.xcconfig"; path = "Target Support Files/Pods-NeoCafe Client/Pods-NeoCafe Client.debug.xcconfig"; sourceTree = "<group>"; };
		9D1EA6A4749DB070AC752431 /* Pods_NeoCafe_Client.framework */ = {isa = PBXFileReference; explicitFileType = wrapper.framework; includeInIndex = 0; path = Pods_NeoCafe_Client.framework; sourceTree = BUILT_PRODUCTS_DIR; };
		DD03C7012B8571FB002D8977 /* SplashView.swift */ = {isa = PBXFileReference; lastKnownFileType = sourcecode.swift; path = SplashView.swift; sourceTree = "<group>"; };
		DD03C7032B85721A002D8977 /* SplashViewController.swift */ = {isa = PBXFileReference; lastKnownFileType = sourcecode.swift; path = SplashViewController.swift; sourceTree = "<group>"; };
		DD3FA30C2B8D0BB500B89DDB /* TabBarViewController.swift */ = {isa = PBXFileReference; lastKnownFileType = sourcecode.swift; path = TabBarViewController.swift; sourceTree = "<group>"; };
		DD6035122BA989B5003FFDDC /* BranchesModalViewModel.swift */ = {isa = PBXFileReference; lastKnownFileType = sourcecode.swift; path = BranchesModalViewModel.swift; sourceTree = "<group>"; };
		DD6035142BA9EDB7003FFDDC /* Extension+Currency.swift */ = {isa = PBXFileReference; lastKnownFileType = sourcecode.swift; path = "Extension+Currency.swift"; sourceTree = "<group>"; };
		DD6035162BADA975003FFDDC /* Extension+Notifications.swift */ = {isa = PBXFileReference; lastKnownFileType = sourcecode.swift; path = "Extension+Notifications.swift"; sourceTree = "<group>"; };
		DD73F2F62BA0129800C33E21 /* BonusModalView.swift */ = {isa = PBXFileReference; lastKnownFileType = sourcecode.swift; path = BonusModalView.swift; sourceTree = "<group>"; };
		DD73F2F82BA04A5900C33E21 /* BonusViewController.swift */ = {isa = PBXFileReference; lastKnownFileType = sourcecode.swift; path = BonusViewController.swift; sourceTree = "<group>"; };
		DD73F2FA2BA04AC000C33E21 /* BonusModalViewModel.swift */ = {isa = PBXFileReference; lastKnownFileType = sourcecode.swift; path = BonusModalViewModel.swift; sourceTree = "<group>"; };
		DD73F2FC2BA04E9000C33E21 /* CartViewModel.swift */ = {isa = PBXFileReference; lastKnownFileType = sourcecode.swift; path = CartViewModel.swift; sourceTree = "<group>"; };
		DD73F3002BA1F55B00C33E21 /* BranchesViewModel.swift */ = {isa = PBXFileReference; lastKnownFileType = sourcecode.swift; path = BranchesViewModel.swift; sourceTree = "<group>"; };
		DD73F3022BA36C4900C33E21 /* BranchDetailViewModel.swift */ = {isa = PBXFileReference; lastKnownFileType = sourcecode.swift; path = BranchDetailViewModel.swift; sourceTree = "<group>"; };
		DD73F3042BA386E900C33E21 /* ProfileViewModel.swift */ = {isa = PBXFileReference; lastKnownFileType = sourcecode.swift; path = ProfileViewModel.swift; sourceTree = "<group>"; };
		DD73F3062BA3877200C33E21 /* EditProfileViewModel.swift */ = {isa = PBXFileReference; lastKnownFileType = sourcecode.swift; path = EditProfileViewModel.swift; sourceTree = "<group>"; };
		DD73F3082BA38D6800C33E21 /* ScheduleCell.swift */ = {isa = PBXFileReference; lastKnownFileType = sourcecode.swift; path = ScheduleCell.swift; sourceTree = "<group>"; };
		DD73F30A2BA630BE00C33E21 /* SwitchingStepper.swift */ = {isa = PBXFileReference; lastKnownFileType = sourcecode.swift; path = SwitchingStepper.swift; sourceTree = "<group>"; };
		DD84CBAF2B7B414E00580D4A /* swiftgen.yml */ = {isa = PBXFileReference; lastKnownFileType = text.yaml; path = swiftgen.yml; sourceTree = "<group>"; };
		DD92BCE02B98D50900E0825E /* BranchesView.swift */ = {isa = PBXFileReference; lastKnownFileType = sourcecode.swift; path = BranchesView.swift; sourceTree = "<group>"; };
		DD92BCE22B98D53A00E0825E /* BranchesViewController.swift */ = {isa = PBXFileReference; lastKnownFileType = sourcecode.swift; path = BranchesViewController.swift; sourceTree = "<group>"; };
		DD92BCE52B99827600E0825E /* BranchDetailViewController.swift */ = {isa = PBXFileReference; lastKnownFileType = sourcecode.swift; path = BranchDetailViewController.swift; sourceTree = "<group>"; };
		DD92BCE72B99827C00E0825E /* BranchDetailView.swift */ = {isa = PBXFileReference; lastKnownFileType = sourcecode.swift; path = BranchDetailView.swift; sourceTree = "<group>"; };
		DD93C18C2B7FF77800339287 /* Ext+UIViewController.swift */ = {isa = PBXFileReference; lastKnownFileType = sourcecode.swift; path = "Ext+UIViewController.swift"; sourceTree = "<group>"; };
		DD93C18E2B81C5CC00339287 /* Network.swift */ = {isa = PBXFileReference; lastKnownFileType = sourcecode.swift; path = Network.swift; sourceTree = "<group>"; };
		DD93C1932B82CBEE00339287 /* CustomSearchBar.swift */ = {isa = PBXFileReference; lastKnownFileType = sourcecode.swift; path = CustomSearchBar.swift; sourceTree = "<group>"; };
		DD93C1962B83869700339287 /* Extension+UIFont.swift */ = {isa = PBXFileReference; lastKnownFileType = sourcecode.swift; path = "Extension+UIFont.swift"; sourceTree = "<group>"; };
		DD93C1982B838BC100339287 /* Extension+UIColor.swift */ = {isa = PBXFileReference; lastKnownFileType = sourcecode.swift; path = "Extension+UIColor.swift"; sourceTree = "<group>"; };
		DD9556142B79F67300FB65AF /* UserAPI.swift */ = {isa = PBXFileReference; lastKnownFileType = sourcecode.swift; path = UserAPI.swift; sourceTree = "<group>"; };
		DD9D08312B7B435D00BAB6CD /* XCAssets+Generated.swift */ = {isa = PBXFileReference; fileEncoding = 4; lastKnownFileType = sourcecode.swift; path = "XCAssets+Generated.swift"; sourceTree = "<group>"; };
		DD9D08362B7BF18100BAB6CD /* Poppins-Bold.ttf */ = {isa = PBXFileReference; lastKnownFileType = file; path = "Poppins-Bold.ttf"; sourceTree = "<group>"; };
		DD9D08382B7BF19000BAB6CD /* Poppins-Medium.ttf */ = {isa = PBXFileReference; lastKnownFileType = file; path = "Poppins-Medium.ttf"; sourceTree = "<group>"; };
		DD9D083A2B7BF19B00BAB6CD /* Poppins-Regular.ttf */ = {isa = PBXFileReference; lastKnownFileType = file; path = "Poppins-Regular.ttf"; sourceTree = "<group>"; };
		DD9D083C2B7BF1C700BAB6CD /* SF-Pro-Display-Regular.otf */ = {isa = PBXFileReference; lastKnownFileType = file; path = "SF-Pro-Display-Regular.otf"; sourceTree = "<group>"; };
		DD9D083E2B7BF2F800BAB6CD /* Fonts.swift */ = {isa = PBXFileReference; fileEncoding = 4; lastKnownFileType = sourcecode.swift; path = Fonts.swift; sourceTree = "<group>"; };
		DD9D08402B7BF53300BAB6CD /* Localizable.strings */ = {isa = PBXFileReference; lastKnownFileType = text.plist.strings; path = Localizable.strings; sourceTree = "<group>"; };
		DD9D08422B7BF71000BAB6CD /* Strings+Generated.swift */ = {isa = PBXFileReference; fileEncoding = 4; lastKnownFileType = sourcecode.swift; path = "Strings+Generated.swift"; sourceTree = "<group>"; };
		DD9DD0B72B8FD60700C489F6 /* MenuProductCell.swift */ = {isa = PBXFileReference; lastKnownFileType = sourcecode.swift; path = MenuProductCell.swift; sourceTree = "<group>"; };
		DD9DD0B92B8FD63C00C489F6 /* MenuCategoryCell.swift */ = {isa = PBXFileReference; lastKnownFileType = sourcecode.swift; path = MenuCategoryCell.swift; sourceTree = "<group>"; };
		DD9DD0BD2B8FD66800C489F6 /* MenuView.swift */ = {isa = PBXFileReference; lastKnownFileType = sourcecode.swift; path = MenuView.swift; sourceTree = "<group>"; };
		DD9DD0BF2B8FD68400C489F6 /* MenuViewController.swift */ = {isa = PBXFileReference; lastKnownFileType = sourcecode.swift; path = MenuViewController.swift; sourceTree = "<group>"; };
		DD9DD0C42B8FEF4A00C489F6 /* ProductView.swift */ = {isa = PBXFileReference; lastKnownFileType = sourcecode.swift; path = ProductView.swift; sourceTree = "<group>"; };
		DD9DD0C62B8FEF5500C489F6 /* ProductViewController.swift */ = {isa = PBXFileReference; lastKnownFileType = sourcecode.swift; path = ProductViewController.swift; sourceTree = "<group>"; };
		DD9DD0C92B8FF1BA00C489F6 /* BaseContentView.swift */ = {isa = PBXFileReference; lastKnownFileType = sourcecode.swift; path = BaseContentView.swift; sourceTree = "<group>"; };
		DD9DD0CB2B8FF1F800C489F6 /* BaseContentViewController.swift */ = {isa = PBXFileReference; lastKnownFileType = sourcecode.swift; path = BaseContentViewController.swift; sourceTree = "<group>"; };
		DD9DD0CD2B8FF21700C489F6 /* BaseContentViewModelController.swift */ = {isa = PBXFileReference; lastKnownFileType = sourcecode.swift; path = BaseContentViewModelController.swift; sourceTree = "<group>"; };
		DD9DD0CF2B8FF4A700C489F6 /* ProductViewModel.swift */ = {isa = PBXFileReference; lastKnownFileType = sourcecode.swift; path = ProductViewModel.swift; sourceTree = "<group>"; };
		DD9DD0D12B90B45E00C489F6 /* ModalSheet.swift */ = {isa = PBXFileReference; lastKnownFileType = sourcecode.swift; path = ModalSheet.swift; sourceTree = "<group>"; };
		DD9DD0D42B90DF6600C489F6 /* BranchesModalView.swift */ = {isa = PBXFileReference; lastKnownFileType = sourcecode.swift; path = BranchesModalView.swift; sourceTree = "<group>"; };
		DD9DD0D62B90DFB500C489F6 /* BranchesModalCell.swift */ = {isa = PBXFileReference; lastKnownFileType = sourcecode.swift; path = BranchesModalCell.swift; sourceTree = "<group>"; };
		DD9DD0D82B90E36700C489F6 /* BranchesModalViewController.swift */ = {isa = PBXFileReference; lastKnownFileType = sourcecode.swift; path = BranchesModalViewController.swift; sourceTree = "<group>"; };
		DD9DD0DA2B90EBD600C489F6 /* Poppins-SemiBold.ttf */ = {isa = PBXFileReference; lastKnownFileType = file; path = "Poppins-SemiBold.ttf"; sourceTree = "<group>"; };
		DD9DD0DE2B91054A00C489F6 /* CartView.swift */ = {isa = PBXFileReference; lastKnownFileType = sourcecode.swift; path = CartView.swift; sourceTree = "<group>"; };
		DD9DD0E02B91107E00C489F6 /* CartViewController.swift */ = {isa = PBXFileReference; lastKnownFileType = sourcecode.swift; path = CartViewController.swift; sourceTree = "<group>"; };
		DD9DD0E22B91229500C489F6 /* EmptyCartView.swift */ = {isa = PBXFileReference; lastKnownFileType = sourcecode.swift; path = EmptyCartView.swift; sourceTree = "<group>"; };
		DD9DD0E42B9146EC00C489F6 /* OrderHistoryView.swift */ = {isa = PBXFileReference; lastKnownFileType = sourcecode.swift; path = OrderHistoryView.swift; sourceTree = "<group>"; };
		DD9DD0E72B91491200C489F6 /* OrderHistoryViewController.swift */ = {isa = PBXFileReference; lastKnownFileType = sourcecode.swift; path = OrderHistoryViewController.swift; sourceTree = "<group>"; };
		DD9DD0EA2B94581B00C489F6 /* OrderDetailsView.swift */ = {isa = PBXFileReference; lastKnownFileType = sourcecode.swift; path = OrderDetailsView.swift; sourceTree = "<group>"; };
		DD9DD0EC2B94586B00C489F6 /* OrderDetailsViewController.swift */ = {isa = PBXFileReference; lastKnownFileType = sourcecode.swift; path = OrderDetailsViewController.swift; sourceTree = "<group>"; };
		DD9DD0F12B94795C00C489F6 /* Router.swift */ = {isa = PBXFileReference; fileEncoding = 4; lastKnownFileType = sourcecode.swift; path = Router.swift; sourceTree = "<group>"; };
		DD9DD0F22B94795C00C489F6 /* BaseCoordinator.swift */ = {isa = PBXFileReference; fileEncoding = 4; lastKnownFileType = sourcecode.swift; path = BaseCoordinator.swift; sourceTree = "<group>"; };
		DD9DD0F32B94795C00C489F6 /* Presentable.swift */ = {isa = PBXFileReference; fileEncoding = 4; lastKnownFileType = sourcecode.swift; path = Presentable.swift; sourceTree = "<group>"; };
		DD9DD0F82B94798C00C489F6 /* AppCoordinator.swift */ = {isa = PBXFileReference; lastKnownFileType = sourcecode.swift; path = AppCoordinator.swift; sourceTree = "<group>"; };
		DD9DD0FA2B94CA0700C489F6 /* InitializationCoordinator.swift */ = {isa = PBXFileReference; lastKnownFileType = sourcecode.swift; path = InitializationCoordinator.swift; sourceTree = "<group>"; };
		DD9DD0FC2B94D35200C489F6 /* SplashViewModel.swift */ = {isa = PBXFileReference; lastKnownFileType = sourcecode.swift; path = SplashViewModel.swift; sourceTree = "<group>"; };
		DD9DD0FE2B95ADCD00C489F6 /* AuthenticationCoordinator.swift */ = {isa = PBXFileReference; lastKnownFileType = sourcecode.swift; path = AuthenticationCoordinator.swift; sourceTree = "<group>"; };
		DD9DD1002B95E0C100C489F6 /* MainCoordinator.swift */ = {isa = PBXFileReference; lastKnownFileType = sourcecode.swift; path = MainCoordinator.swift; sourceTree = "<group>"; };
		DD9DD1022B95E0E400C489F6 /* CartCoordinator.swift */ = {isa = PBXFileReference; lastKnownFileType = sourcecode.swift; path = CartCoordinator.swift; sourceTree = "<group>"; };
		DD9DD1042B95E0F700C489F6 /* BranchesCoordinator.swift */ = {isa = PBXFileReference; lastKnownFileType = sourcecode.swift; path = BranchesCoordinator.swift; sourceTree = "<group>"; };
		DD9DD1062B95E10000C489F6 /* ProfileCoordinator.swift */ = {isa = PBXFileReference; lastKnownFileType = sourcecode.swift; path = ProfileCoordinator.swift; sourceTree = "<group>"; };
		DD9DD1082B95E23000C489F6 /* ProfileView.swift */ = {isa = PBXFileReference; lastKnownFileType = sourcecode.swift; path = ProfileView.swift; sourceTree = "<group>"; };
		DD9DD10A2B95E74900C489F6 /* ProfileViewController.swift */ = {isa = PBXFileReference; lastKnownFileType = sourcecode.swift; path = ProfileViewController.swift; sourceTree = "<group>"; };
		DD9DD10C2B95F73900C489F6 /* EditProfileView.swift */ = {isa = PBXFileReference; lastKnownFileType = sourcecode.swift; path = EditProfileView.swift; sourceTree = "<group>"; };
		DD9DD1102B95FBAA00C489F6 /* EditProfileViewController.swift */ = {isa = PBXFileReference; lastKnownFileType = sourcecode.swift; path = EditProfileViewController.swift; sourceTree = "<group>"; };
		DD9DD1122B95FF2D00C489F6 /* NotificationView.swift */ = {isa = PBXFileReference; lastKnownFileType = sourcecode.swift; path = NotificationView.swift; sourceTree = "<group>"; };
		DD9DD1142B95FF3A00C489F6 /* NotificationsViewController.swift */ = {isa = PBXFileReference; lastKnownFileType = sourcecode.swift; path = NotificationsViewController.swift; sourceTree = "<group>"; };
		DDAD65D22B8CB04F00F72345 /* CustomStepper.swift */ = {isa = PBXFileReference; lastKnownFileType = sourcecode.swift; path = CustomStepper.swift; sourceTree = "<group>"; };
		DDAD65D42B8CB09B00F72345 /* BigProductCell.swift */ = {isa = PBXFileReference; lastKnownFileType = sourcecode.swift; path = BigProductCell.swift; sourceTree = "<group>"; };
		DDAD65D62B8CB21400F72345 /* CategoryCell.swift */ = {isa = PBXFileReference; lastKnownFileType = sourcecode.swift; path = CategoryCell.swift; sourceTree = "<group>"; };
		DDAD65D82B8CB23200F72345 /* CollectionViewSingleHeader.swift */ = {isa = PBXFileReference; lastKnownFileType = sourcecode.swift; path = CollectionViewSingleHeader.swift; sourceTree = "<group>"; };
		DDAD65DC2B8CB29700F72345 /* MainView.swift */ = {isa = PBXFileReference; lastKnownFileType = sourcecode.swift; path = MainView.swift; sourceTree = "<group>"; };
		DDAD65DE2B8CB3B100F72345 /* CustomHeaderView.swift */ = {isa = PBXFileReference; lastKnownFileType = sourcecode.swift; path = CustomHeaderView.swift; sourceTree = "<group>"; };
		DDAD65E12B8CBB9100F72345 /* AuthenticationViewController.swift */ = {isa = PBXFileReference; lastKnownFileType = sourcecode.swift; path = AuthenticationViewController.swift; sourceTree = "<group>"; };
		DDC1D8432B75B77C0068598D /* .swiftlint.yml */ = {isa = PBXFileReference; lastKnownFileType = text.yaml; path = .swiftlint.yml; sourceTree = "<group>"; };
		DDC1D8482B7601A30068598D /* RegistrationView.swift */ = {isa = PBXFileReference; lastKnownFileType = sourcecode.swift; path = RegistrationView.swift; sourceTree = "<group>"; };
		DDC1D84B2B7602A20068598D /* SignInView.swift */ = {isa = PBXFileReference; lastKnownFileType = sourcecode.swift; path = SignInView.swift; sourceTree = "<group>"; };
		DDC1D84E2B7963530068598D /* CodeConfirmationView.swift */ = {isa = PBXFileReference; lastKnownFileType = sourcecode.swift; path = CodeConfirmationView.swift; sourceTree = "<group>"; };
		DDCB6B772B9B7B4100407089 /* TabBarCoordinator.swift */ = {isa = PBXFileReference; lastKnownFileType = sourcecode.swift; path = TabBarCoordinator.swift; sourceTree = "<group>"; };
		DDCB6B792B9B7DB900407089 /* Extension+UIViews.swift */ = {isa = PBXFileReference; lastKnownFileType = sourcecode.swift; path = "Extension+UIViews.swift"; sourceTree = "<group>"; };
		DDCB6B7B2B9B7DE600407089 /* Extension+UICollectionViewCell+Register.swift */ = {isa = PBXFileReference; lastKnownFileType = sourcecode.swift; path = "Extension+UICollectionViewCell+Register.swift"; sourceTree = "<group>"; };
		DDCB6B7E2B9E381000407089 /* MainViewModel.swift */ = {isa = PBXFileReference; lastKnownFileType = sourcecode.swift; path = MainViewModel.swift; sourceTree = "<group>"; };
		DDCB6B802B9E3DEA00407089 /* APIModels.swift */ = {isa = PBXFileReference; lastKnownFileType = sourcecode.swift; path = APIModels.swift; sourceTree = "<group>"; };
		DDCB6B822B9EF55400407089 /* NetworkService.swift */ = {isa = PBXFileReference; lastKnownFileType = sourcecode.swift; path = NetworkService.swift; sourceTree = "<group>"; };
		DDCB6B842B9F0F4E00407089 /* MenuViewModel.swift */ = {isa = PBXFileReference; lastKnownFileType = sourcecode.swift; path = MenuViewModel.swift; sourceTree = "<group>"; };
		DDCB6B862B9FBDF000407089 /* NotificationsViewModel.swift */ = {isa = PBXFileReference; lastKnownFileType = sourcecode.swift; path = NotificationsViewModel.swift; sourceTree = "<group>"; };
		DDCB6B882B9FC53600407089 /* NotificationsCell.swift */ = {isa = PBXFileReference; lastKnownFileType = sourcecode.swift; path = NotificationsCell.swift; sourceTree = "<group>"; };
		DDF8B58A2B70ED3C005FE06A /* NeoCafe Client.app */ = {isa = PBXFileReference; explicitFileType = wrapper.application; includeInIndex = 0; path = "NeoCafe Client.app"; sourceTree = BUILT_PRODUCTS_DIR; };
		DDF8B58D2B70ED3C005FE06A /* AppDelegate.swift */ = {isa = PBXFileReference; lastKnownFileType = sourcecode.swift; path = AppDelegate.swift; sourceTree = "<group>"; };
		DDF8B58F2B70ED3C005FE06A /* SceneDelegate.swift */ = {isa = PBXFileReference; lastKnownFileType = sourcecode.swift; path = SceneDelegate.swift; sourceTree = "<group>"; };
		DDF8B5912B70ED3C005FE06A /* MainViewController.swift */ = {isa = PBXFileReference; lastKnownFileType = sourcecode.swift; path = MainViewController.swift; sourceTree = "<group>"; };
		DDF8B5962B70ED3E005FE06A /* Assets.xcassets */ = {isa = PBXFileReference; lastKnownFileType = folder.assetcatalog; path = Assets.xcassets; sourceTree = "<group>"; };
		DDF8B5992B70ED3E005FE06A /* Base */ = {isa = PBXFileReference; lastKnownFileType = file.storyboard; name = Base; path = Base.lproj/LaunchScreen.storyboard; sourceTree = "<group>"; };
		DDF8B59B2B70ED3E005FE06A /* Info.plist */ = {isa = PBXFileReference; lastKnownFileType = text.plist.xml; path = Info.plist; sourceTree = "<group>"; };
		DDF8B5C22B70F1C7005FE06A /* BaseAuthRegView.swift */ = {isa = PBXFileReference; lastKnownFileType = sourcecode.swift; path = BaseAuthRegView.swift; sourceTree = "<group>"; };
		DDF8B5C52B70F1FF005FE06A /* Model.swift */ = {isa = PBXFileReference; lastKnownFileType = sourcecode.swift; path = Model.swift; sourceTree = "<group>"; };
		DDF8B5C92B70F21D005FE06A /* AuthenticationViewModel.swift */ = {isa = PBXFileReference; lastKnownFileType = sourcecode.swift; path = AuthenticationViewModel.swift; sourceTree = "<group>"; };
		DDF8B5D02B70F288005FE06A /* CustomSegmentedControl.swift */ = {isa = PBXFileReference; lastKnownFileType = sourcecode.swift; path = CustomSegmentedControl.swift; sourceTree = "<group>"; };
		DDF8B5D22B70F299005FE06A /* CustomTextField.swift */ = {isa = PBXFileReference; lastKnownFileType = sourcecode.swift; path = CustomTextField.swift; sourceTree = "<group>"; };
		DDF8B5D72B70F2BA005FE06A /* CustomButton.swift */ = {isa = PBXFileReference; lastKnownFileType = sourcecode.swift; path = CustomButton.swift; sourceTree = "<group>"; };
/* End PBXFileReference section */

/* Begin PBXFrameworksBuildPhase section */
		DDF8B5872B70ED3C005FE06A /* Frameworks */ = {
			isa = PBXFrameworksBuildPhase;
			buildActionMask = 2147483647;
			files = (
				B18546FCF9870DF3864F7D37 /* Pods_NeoCafe_Client.framework in Frameworks */,
			);
			runOnlyForDeploymentPostprocessing = 0;
		};
/* End PBXFrameworksBuildPhase section */

/* Begin PBXGroup section */
		10249EED97C64A4D69FD28AD /* Frameworks */ = {
			isa = PBXGroup;
			children = (
				9D1EA6A4749DB070AC752431 /* Pods_NeoCafe_Client.framework */,
			);
			name = Frameworks;
			sourceTree = "<group>";
		};
		7E8D53AE51EA94EA59D91D42 /* Pods */ = {
			isa = PBXGroup;
			children = (
				7FC66A2F83A1FDDD0ECAFD78 /* Pods-NeoCafe Client.debug.xcconfig */,
				774A1FD35DC0575343951A93 /* Pods-NeoCafe Client.release.xcconfig */,
			);
			path = Pods;
			sourceTree = "<group>";
		};
		DD03C7002B857178002D8977 /* Splash */ = {
			isa = PBXGroup;
			children = (
				DD03C7012B8571FB002D8977 /* SplashView.swift */,
				DD03C7032B85721A002D8977 /* SplashViewController.swift */,
				DD9DD0FC2B94D35200C489F6 /* SplashViewModel.swift */,
			);
			path = Splash;
			sourceTree = "<group>";
		};
		DD73F2F52BA0125800C33E21 /* BonusModals */ = {
			isa = PBXGroup;
			children = (
				DD73F2F62BA0129800C33E21 /* BonusModalView.swift */,
				DD73F2F82BA04A5900C33E21 /* BonusViewController.swift */,
				DD73F2FA2BA04AC000C33E21 /* BonusModalViewModel.swift */,
			);
			path = BonusModals;
			sourceTree = "<group>";
		};
		DD73F2FE2BA1EF2100C33E21 /* CartView */ = {
			isa = PBXGroup;
			children = (
				DD9DD0E22B91229500C489F6 /* EmptyCartView.swift */,
				DD9DD0DE2B91054A00C489F6 /* CartView.swift */,
			);
			path = CartView;
			sourceTree = "<group>";
		};
		DD73F2FF2BA1EF4600C33E21 /* Profile */ = {
			isa = PBXGroup;
			children = (
				DD9DD1082B95E23000C489F6 /* ProfileView.swift */,
				DD73F3042BA386E900C33E21 /* ProfileViewModel.swift */,
				DD9DD10A2B95E74900C489F6 /* ProfileViewController.swift */,
			);
			path = Profile;
			sourceTree = "<group>";
		};
		DD7584012B8F34FF007CCF5F /* View */ = {
			isa = PBXGroup;
			children = (
				DD9DD0BD2B8FD66800C489F6 /* MenuView.swift */,
				DD9DD0C12B8FD92E00C489F6 /* Cells */,
			);
			path = View;
			sourceTree = "<group>";
		};
		DD84CBA82B7B372B00580D4A /* Generated */ = {
			isa = PBXGroup;
			children = (
				DD9D08312B7B435D00BAB6CD /* XCAssets+Generated.swift */,
				DD9D083E2B7BF2F800BAB6CD /* Fonts.swift */,
				DD9D08422B7BF71000BAB6CD /* Strings+Generated.swift */,
			);
			path = Generated;
			sourceTree = "<group>";
		};
		DD92BCE42B9981E100E0825E /* BranchesDetail */ = {
			isa = PBXGroup;
			children = (
				DD92BCE72B99827C00E0825E /* BranchDetailView.swift */,
				DD92BCE52B99827600E0825E /* BranchDetailViewController.swift */,
				DD73F3022BA36C4900C33E21 /* BranchDetailViewModel.swift */,
				DD73F3082BA38D6800C33E21 /* ScheduleCell.swift */,
			);
			path = BranchesDetail;
			sourceTree = "<group>";
		};
		DD93C1902B82C89900339287 /* MainScreen */ = {
			isa = PBXGroup;
			children = (
				DDCA37112B8B748600451066 /* View */,
				DDCB6B7E2B9E381000407089 /* MainViewModel.swift */,
				DDF8B5912B70ED3C005FE06A /* MainViewController.swift */,
			);
			path = MainScreen;
			sourceTree = "<group>";
		};
		DD93C1952B83868000339287 /* Extensions */ = {
			isa = PBXGroup;
			children = (
				DD93C1962B83869700339287 /* Extension+UIFont.swift */,
				DD93C1982B838BC100339287 /* Extension+UIColor.swift */,
				DDCB6B792B9B7DB900407089 /* Extension+UIViews.swift */,
				DDCB6B7B2B9B7DE600407089 /* Extension+UICollectionViewCell+Register.swift */,
				DD6035142BA9EDB7003FFDDC /* Extension+Currency.swift */,
				DD6035162BADA975003FFDDC /* Extension+Notifications.swift */,
			);
			path = Extensions;
			sourceTree = "<group>";
		};
		DD9556162B7A00E400FB65AF /* NetworkService */ = {
			isa = PBXGroup;
			children = (
				DD9556142B79F67300FB65AF /* UserAPI.swift */,
				DD93C18E2B81C5CC00339287 /* Network.swift */,
				DDCB6B802B9E3DEA00407089 /* APIModels.swift */,
				DDCB6B822B9EF55400407089 /* NetworkService.swift */,
			);
			path = NetworkService;
			sourceTree = "<group>";
		};
		DD9D08352B7BF12800BAB6CD /* Fonts */ = {
			isa = PBXGroup;
			children = (
				DD9D083C2B7BF1C700BAB6CD /* SF-Pro-Display-Regular.otf */,
				DD9D08362B7BF18100BAB6CD /* Poppins-Bold.ttf */,
				DD9DD0DA2B90EBD600C489F6 /* Poppins-SemiBold.ttf */,
				DD9D08382B7BF19000BAB6CD /* Poppins-Medium.ttf */,
				DD9D083A2B7BF19B00BAB6CD /* Poppins-Regular.ttf */,
			);
			path = Fonts;
			sourceTree = "<group>";
		};
		DD9DD0C12B8FD92E00C489F6 /* Cells */ = {
			isa = PBXGroup;
			children = (
				DD9DD0B92B8FD63C00C489F6 /* MenuCategoryCell.swift */,
				DD9DD0B72B8FD60700C489F6 /* MenuProductCell.swift */,
			);
			path = Cells;
			sourceTree = "<group>";
		};
		DD9DD0C32B8FEED100C489F6 /* ProductDetailScreen */ = {
			isa = PBXGroup;
			children = (
				DD9DD0C42B8FEF4A00C489F6 /* ProductView.swift */,
				DD9DD0C62B8FEF5500C489F6 /* ProductViewController.swift */,
				DD9DD0CF2B8FF4A700C489F6 /* ProductViewModel.swift */,
				DD9DD0D12B90B45E00C489F6 /* ModalSheet.swift */,
			);
			path = ProductDetailScreen;
			sourceTree = "<group>";
		};
		DD9DD0C82B8FF19900C489F6 /* Base */ = {
			isa = PBXGroup;
			children = (
				DD9DD0C92B8FF1BA00C489F6 /* BaseContentView.swift */,
				DD9DD0CB2B8FF1F800C489F6 /* BaseContentViewController.swift */,
				DD9DD0CD2B8FF21700C489F6 /* BaseContentViewModelController.swift */,
			);
			path = Base;
			sourceTree = "<group>";
		};
		DD9DD0D32B90DC3A00C489F6 /* BranchesModal */ = {
			isa = PBXGroup;
			children = (
				DD9DD0D42B90DF6600C489F6 /* BranchesModalView.swift */,
				DD9DD0D62B90DFB500C489F6 /* BranchesModalCell.swift */,
				DD9DD0D82B90E36700C489F6 /* BranchesModalViewController.swift */,
				DD6035122BA989B5003FFDDC /* BranchesModalViewModel.swift */,
			);
			path = BranchesModal;
			sourceTree = "<group>";
		};
		DD9DD0DC2B9104DE00C489F6 /* Main */ = {
			isa = PBXGroup;
			children = (
				DD9DD10F2B95F7A500C489F6 /* Notifications */,
				DD9DD0D32B90DC3A00C489F6 /* BranchesModal */,
				DD93C1902B82C89900339287 /* MainScreen */,
				DDAD65E02B8CB9D900F72345 /* MenuScreen */,
				DD9DD0C32B8FEED100C489F6 /* ProductDetailScreen */,
			);
			path = Main;
			sourceTree = "<group>";
		};
		DD9DD0DD2B91051F00C489F6 /* Cart */ = {
			isa = PBXGroup;
			children = (
				DD9DD0E02B91107E00C489F6 /* CartViewController.swift */,
				DD73F2FC2BA04E9000C33E21 /* CartViewModel.swift */,
				DD73F2FE2BA1EF2100C33E21 /* CartView */,
				DD73F2F52BA0125800C33E21 /* BonusModals */,
				DD9DD0E62B91471400C489F6 /* OrderHistory */,
				DD9DD0E92B9457C500C489F6 /* OrderDetails */,
			);
			path = Cart;
			sourceTree = "<group>";
		};
		DD9DD0E62B91471400C489F6 /* OrderHistory */ = {
			isa = PBXGroup;
			children = (
				DD9DD0E42B9146EC00C489F6 /* OrderHistoryView.swift */,
				DD9DD0E72B91491200C489F6 /* OrderHistoryViewController.swift */,
			);
			path = OrderHistory;
			sourceTree = "<group>";
		};
		DD9DD0E92B9457C500C489F6 /* OrderDetails */ = {
			isa = PBXGroup;
			children = (
				DD9DD0EA2B94581B00C489F6 /* OrderDetailsView.swift */,
				DD9DD0EC2B94586B00C489F6 /* OrderDetailsViewController.swift */,
			);
			path = OrderDetails;
			sourceTree = "<group>";
		};
		DD9DD0EE2B946F8800C489F6 /* Branches */ = {
			isa = PBXGroup;
			children = (
				DD92BCE02B98D50900E0825E /* BranchesView.swift */,
				DD92BCE22B98D53A00E0825E /* BranchesViewController.swift */,
				DD73F3002BA1F55B00C33E21 /* BranchesViewModel.swift */,
				DD92BCE42B9981E100E0825E /* BranchesDetail */,
			);
			path = Branches;
			sourceTree = "<group>";
		};
		DD9DD0EF2B946F9000C489F6 /* Profile */ = {
			isa = PBXGroup;
			children = (
				DD73F2FF2BA1EF4600C33E21 /* Profile */,
				DD9DD10E2B95F79200C489F6 /* EditProfile */,
			);
			path = Profile;
			sourceTree = "<group>";
		};
		DD9DD0F02B94793A00C489F6 /* BaseCoordinator */ = {
			isa = PBXGroup;
			children = (
				DD9DD0F22B94795C00C489F6 /* BaseCoordinator.swift */,
				DD9DD0F32B94795C00C489F6 /* Presentable.swift */,
				DD9DD0F12B94795C00C489F6 /* Router.swift */,
			);
			path = BaseCoordinator;
			sourceTree = "<group>";
		};
		DD9DD0F72B94797B00C489F6 /* Coordinators */ = {
			isa = PBXGroup;
			children = (
				DD9DD0F82B94798C00C489F6 /* AppCoordinator.swift */,
				DD9DD0FA2B94CA0700C489F6 /* InitializationCoordinator.swift */,
				DD9DD0FE2B95ADCD00C489F6 /* AuthenticationCoordinator.swift */,
				DDCB6B772B9B7B4100407089 /* TabBarCoordinator.swift */,
				DDCB6B7D2B9E363400407089 /* TabBarItems */,
			);
			path = Coordinators;
			sourceTree = "<group>";
		};
		DD9DD10E2B95F79200C489F6 /* EditProfile */ = {
			isa = PBXGroup;
			children = (
				DD9DD10C2B95F73900C489F6 /* EditProfileView.swift */,
				DD73F3062BA3877200C33E21 /* EditProfileViewModel.swift */,
				DD9DD1102B95FBAA00C489F6 /* EditProfileViewController.swift */,
			);
			path = EditProfile;
			sourceTree = "<group>";
		};
		DD9DD10F2B95F7A500C489F6 /* Notifications */ = {
			isa = PBXGroup;
			children = (
				DD9DD1122B95FF2D00C489F6 /* NotificationView.swift */,
				DD9DD1142B95FF3A00C489F6 /* NotificationsViewController.swift */,
				DDCB6B862B9FBDF000407089 /* NotificationsViewModel.swift */,
				DDCB6B882B9FC53600407089 /* NotificationsCell.swift */,
			);
			path = Notifications;
			sourceTree = "<group>";
		};
		DDAD65E02B8CB9D900F72345 /* MenuScreen */ = {
			isa = PBXGroup;
			children = (
				DD7584012B8F34FF007CCF5F /* View */,
				DDCB6B842B9F0F4E00407089 /* MenuViewModel.swift */,
				DD9DD0BF2B8FD68400C489F6 /* MenuViewController.swift */,
			);
			path = MenuScreen;
			sourceTree = "<group>";
		};
		DDC1D84A2B7601A70068598D /* View */ = {
			isa = PBXGroup;
			children = (
				DDF8B5C52B70F1FF005FE06A /* Model.swift */,
				DDF8B5C22B70F1C7005FE06A /* BaseAuthRegView.swift */,
				DDC1D84B2B7602A20068598D /* SignInView.swift */,
				DDC1D8482B7601A30068598D /* RegistrationView.swift */,
				DDC1D84E2B7963530068598D /* CodeConfirmationView.swift */,
			);
			path = View;
			sourceTree = "<group>";
		};
		DDCA370D2B8B616100451066 /* CustomUI */ = {
			isa = PBXGroup;
			children = (
				DDF8B5D22B70F299005FE06A /* CustomTextField.swift */,
				DD93C1932B82CBEE00339287 /* CustomSearchBar.swift */,
				DDF8B5D72B70F2BA005FE06A /* CustomButton.swift */,
				DDF8B5D02B70F288005FE06A /* CustomSegmentedControl.swift */,
				DDAD65D22B8CB04F00F72345 /* CustomStepper.swift */,
				DDAD65DE2B8CB3B100F72345 /* CustomHeaderView.swift */,
			);
			name = CustomUI;
			sourceTree = "<group>";
		};
		DDCA37102B8B747A00451066 /* CustomCells */ = {
			isa = PBXGroup;
			children = (
				DDAD65D42B8CB09B00F72345 /* BigProductCell.swift */,
				DDAD65D62B8CB21400F72345 /* CategoryCell.swift */,
				DDAD65D82B8CB23200F72345 /* CollectionViewSingleHeader.swift */,
			);
			path = CustomCells;
			sourceTree = "<group>";
		};
		DDCA37112B8B748600451066 /* View */ = {
			isa = PBXGroup;
			children = (
				DDAD65DC2B8CB29700F72345 /* MainView.swift */,
				DDCA37102B8B747A00451066 /* CustomCells */,
			);
			path = View;
			sourceTree = "<group>";
		};
		DDCB6B7D2B9E363400407089 /* TabBarItems */ = {
			isa = PBXGroup;
			children = (
				DD9DD1002B95E0C100C489F6 /* MainCoordinator.swift */,
				DD9DD1022B95E0E400C489F6 /* CartCoordinator.swift */,
				DD9DD1042B95E0F700C489F6 /* BranchesCoordinator.swift */,
				DD9DD1062B95E10000C489F6 /* ProfileCoordinator.swift */,
			);
			path = TabBarItems;
			sourceTree = "<group>";
		};
		DDF8B5812B70ED3C005FE06A = {
			isa = PBXGroup;
			children = (
				DD84CBAF2B7B414E00580D4A /* swiftgen.yml */,
				DDC1D8432B75B77C0068598D /* .swiftlint.yml */,
				DDF8B58C2B70ED3C005FE06A /* NeoCafe Client */,
				DDF8B58B2B70ED3C005FE06A /* Products */,
				7E8D53AE51EA94EA59D91D42 /* Pods */,
				10249EED97C64A4D69FD28AD /* Frameworks */,
				DDF8B5982B70ED3E005FE06A /* LaunchScreen.storyboard */,
			);
			sourceTree = "<group>";
		};
		DDF8B58B2B70ED3C005FE06A /* Products */ = {
			isa = PBXGroup;
			children = (
				DDF8B58A2B70ED3C005FE06A /* NeoCafe Client.app */,
			);
			name = Products;
			sourceTree = "<group>";
		};
		DDF8B58C2B70ED3C005FE06A /* NeoCafe Client */ = {
			isa = PBXGroup;
			children = (
				DDF8B59B2B70ED3E005FE06A /* Info.plist */,
				DDF8B58D2B70ED3C005FE06A /* AppDelegate.swift */,
				DDF8B58F2B70ED3C005FE06A /* SceneDelegate.swift */,
				DD3FA30C2B8D0BB500B89DDB /* TabBarViewController.swift */,
				DD9DD0F72B94797B00C489F6 /* Coordinators */,
				DD03C7002B857178002D8977 /* Splash */,
				DDF8B5C12B70F19A005FE06A /* Authentication */,
				DD9DD0DC2B9104DE00C489F6 /* Main */,
				DD9DD0DD2B91051F00C489F6 /* Cart */,
				DD9DD0EE2B946F8800C489F6 /* Branches */,
				DD9DD0EF2B946F9000C489F6 /* Profile */,
				DDF8B5CF2B70F277005FE06A /* Common */,
				DDF8B5CD2B70F24D005FE06A /* Supporting */,
				DD9DD0F02B94793A00C489F6 /* BaseCoordinator */,
				DD9556162B7A00E400FB65AF /* NetworkService */,
				DD84CBA82B7B372B00580D4A /* Generated */,
				DD73F30A2BA630BE00C33E21 /* SwitchingStepper.swift */,
			);
			path = "NeoCafe Client";
			sourceTree = "<group>";
		};
		DDF8B5C12B70F19A005FE06A /* Authentication */ = {
			isa = PBXGroup;
			children = (
				DDC1D84A2B7601A70068598D /* View */,
				DDAD65E12B8CBB9100F72345 /* AuthenticationViewController.swift */,
				DDF8B5C92B70F21D005FE06A /* AuthenticationViewModel.swift */,
			);
			path = Authentication;
			sourceTree = "<group>";
		};
		DDF8B5CD2B70F24D005FE06A /* Supporting */ = {
			isa = PBXGroup;
			children = (
				DD9D08352B7BF12800BAB6CD /* Fonts */,
				DDF8B5962B70ED3E005FE06A /* Assets.xcassets */,
				DD9D08402B7BF53300BAB6CD /* Localizable.strings */,
				DD93C18C2B7FF77800339287 /* Ext+UIViewController.swift */,
			);
			path = Supporting;
			sourceTree = "<group>";
		};
		DDF8B5CF2B70F277005FE06A /* Common */ = {
			isa = PBXGroup;
			children = (
				DD9DD0C82B8FF19900C489F6 /* Base */,
				DDCA370D2B8B616100451066 /* CustomUI */,
				DD93C1952B83868000339287 /* Extensions */,
			);
			path = Common;
			sourceTree = "<group>";
		};
/* End PBXGroup section */

/* Begin PBXNativeTarget section */
		DDF8B5892B70ED3C005FE06A /* NeoCafe Client */ = {
			isa = PBXNativeTarget;
			buildConfigurationList = DDF8B59E2B70ED3E005FE06A /* Build configuration list for PBXNativeTarget "NeoCafe Client" */;
			buildPhases = (
				FDFF9AFB6452C8E5E9332C74 /* [CP] Check Pods Manifest.lock */,
				DD84CBAB2B7B37D300580D4A /* SwiftGen */,
				DDF8B5862B70ED3C005FE06A /* Sources */,
				DDF8B5872B70ED3C005FE06A /* Frameworks */,
				DDF8B5882B70ED3C005FE06A /* Resources */,
				8B1C9FBE46BFB0555F2F86AC /* [CP] Embed Pods Frameworks */,
				DDC1D8452B75B7EC0068598D /* SwiftLint */,
			);
			buildRules = (
			);
			dependencies = (
			);
			name = "NeoCafe Client";
			productName = "NeoCafe Client";
			productReference = DDF8B58A2B70ED3C005FE06A /* NeoCafe Client.app */;
			productType = "com.apple.product-type.application";
		};
/* End PBXNativeTarget section */

/* Begin PBXProject section */
		DDF8B5822B70ED3C005FE06A /* Project object */ = {
			isa = PBXProject;
			attributes = {
				BuildIndependentTargetsInParallel = 1;
				LastSwiftUpdateCheck = 1520;
				LastUpgradeCheck = 1520;
				TargetAttributes = {
					DDF8B5892B70ED3C005FE06A = {
						CreatedOnToolsVersion = 15.2;
					};
				};
			};
			buildConfigurationList = DDF8B5852B70ED3C005FE06A /* Build configuration list for PBXProject "NeoCafe Client" */;
			compatibilityVersion = "Xcode 14.0";
			developmentRegion = en;
			hasScannedForEncodings = 0;
			knownRegions = (
				en,
				Base,
			);
			mainGroup = DDF8B5812B70ED3C005FE06A;
			productRefGroup = DDF8B58B2B70ED3C005FE06A /* Products */;
			projectDirPath = "";
			projectRoot = "";
			targets = (
				DDF8B5892B70ED3C005FE06A /* NeoCafe Client */,
			);
		};
/* End PBXProject section */

/* Begin PBXResourcesBuildPhase section */
		DDF8B5882B70ED3C005FE06A /* Resources */ = {
			isa = PBXResourcesBuildPhase;
			buildActionMask = 2147483647;
			files = (
				DDC1D8442B75B77C0068598D /* .swiftlint.yml in Resources */,
				DDF8B59A2B70ED3E005FE06A /* LaunchScreen.storyboard in Resources */,
				DD9D083D2B7BF1C700BAB6CD /* SF-Pro-Display-Regular.otf in Resources */,
				DD9D083B2B7BF19B00BAB6CD /* Poppins-Regular.ttf in Resources */,
				DD9D08412B7BF53300BAB6CD /* Localizable.strings in Resources */,
				DD9DD0DB2B90EBD600C489F6 /* Poppins-SemiBold.ttf in Resources */,
				DD9D08372B7BF18100BAB6CD /* Poppins-Bold.ttf in Resources */,
				DD9D08392B7BF19000BAB6CD /* Poppins-Medium.ttf in Resources */,
				DDF8B5972B70ED3E005FE06A /* Assets.xcassets in Resources */,
				DD84CBB02B7B414E00580D4A /* swiftgen.yml in Resources */,
			);
			runOnlyForDeploymentPostprocessing = 0;
		};
/* End PBXResourcesBuildPhase section */

/* Begin PBXShellScriptBuildPhase section */
		8B1C9FBE46BFB0555F2F86AC /* [CP] Embed Pods Frameworks */ = {
			isa = PBXShellScriptBuildPhase;
			buildActionMask = 2147483647;
			files = (
			);
			inputFileListPaths = (
				"${PODS_ROOT}/Target Support Files/Pods-NeoCafe Client/Pods-NeoCafe Client-frameworks-${CONFIGURATION}-input-files.xcfilelist",
			);
			name = "[CP] Embed Pods Frameworks";
			outputFileListPaths = (
				"${PODS_ROOT}/Target Support Files/Pods-NeoCafe Client/Pods-NeoCafe Client-frameworks-${CONFIGURATION}-output-files.xcfilelist",
			);
			runOnlyForDeploymentPostprocessing = 0;
			shellPath = /bin/sh;
			shellScript = "\"${PODS_ROOT}/Target Support Files/Pods-NeoCafe Client/Pods-NeoCafe Client-frameworks.sh\"\n";
			showEnvVarsInLog = 0;
		};
		DD84CBAB2B7B37D300580D4A /* SwiftGen */ = {
			isa = PBXShellScriptBuildPhase;
			buildActionMask = 2147483647;
			files = (
			);
			inputFileListPaths = (
			);
			inputPaths = (
			);
			name = SwiftGen;
			outputFileListPaths = (
			);
			outputPaths = (
			);
			runOnlyForDeploymentPostprocessing = 0;
			shellPath = /bin/sh;
			shellScript = "# Type a script or drag a script file from your workspace to insert its path.\nif [[ -f \"${PODS_ROOT}/SwiftGen/bin/swiftgen\" ]]; then \n\n  \"${PODS_ROOT}/SwiftGen/bin/swiftgen\"\n\nelse \n  echo \"warning: SwiftGen is not installed. Run 'pod install --repo-update' to install it.\" \nfi \n\n";
		};
		DDC1D8452B75B7EC0068598D /* SwiftLint */ = {
			isa = PBXShellScriptBuildPhase;
			buildActionMask = 2147483647;
			files = (
			);
			inputFileListPaths = (
			);
			inputPaths = (
			);
			name = SwiftLint;
			outputFileListPaths = (
			);
			outputPaths = (
			);
			runOnlyForDeploymentPostprocessing = 0;
			shellPath = /bin/sh;
			shellScript = "# Type a script or drag a script file from your workspace to insert its path.\n#\"${PODS_ROOT}/SwiftLint/swiftlint\"\n#\"${PODS_ROOT}/SwiftLint/swiftlint\" || true\n";
		};
		FDFF9AFB6452C8E5E9332C74 /* [CP] Check Pods Manifest.lock */ = {
			isa = PBXShellScriptBuildPhase;
			buildActionMask = 2147483647;
			files = (
			);
			inputFileListPaths = (
			);
			inputPaths = (
				"${PODS_PODFILE_DIR_PATH}/Podfile.lock",
				"${PODS_ROOT}/Manifest.lock",
			);
			name = "[CP] Check Pods Manifest.lock";
			outputFileListPaths = (
			);
			outputPaths = (
				"$(DERIVED_FILE_DIR)/Pods-NeoCafe Client-checkManifestLockResult.txt",
			);
			runOnlyForDeploymentPostprocessing = 0;
			shellPath = /bin/sh;
			shellScript = "diff \"${PODS_PODFILE_DIR_PATH}/Podfile.lock\" \"${PODS_ROOT}/Manifest.lock\" > /dev/null\nif [ $? != 0 ] ; then\n    # print error to STDERR\n    echo \"error: The sandbox is not in sync with the Podfile.lock. Run 'pod install' or update your CocoaPods installation.\" >&2\n    exit 1\nfi\n# This output is used by Xcode 'outputs' to avoid re-running this script phase.\necho \"SUCCESS\" > \"${SCRIPT_OUTPUT_FILE_0}\"\n";
			showEnvVarsInLog = 0;
		};
/* End PBXShellScriptBuildPhase section */

/* Begin PBXSourcesBuildPhase section */
		DDF8B5862B70ED3C005FE06A /* Sources */ = {
			isa = PBXSourcesBuildPhase;
			buildActionMask = 2147483647;
			files = (
				DD9DD0C72B8FEF5500C489F6 /* ProductViewController.swift in Sources */,
				DD9DD0FB2B94CA0700C489F6 /* InitializationCoordinator.swift in Sources */,
				DD9DD0CA2B8FF1BA00C489F6 /* BaseContentView.swift in Sources */,
				DD9DD0E12B91107E00C489F6 /* CartViewController.swift in Sources */,
				DDCB6B7F2B9E381000407089 /* MainViewModel.swift in Sources */,
				DD9DD1152B95FF3A00C489F6 /* NotificationsViewController.swift in Sources */,
				DDF8B5C62B70F1FF005FE06A /* Model.swift in Sources */,
				DD9DD10B2B95E74900C489F6 /* ProfileViewController.swift in Sources */,
				DDF8B5922B70ED3C005FE06A /* MainViewController.swift in Sources */,
				DDCB6B832B9EF55400407089 /* NetworkService.swift in Sources */,
				DD73F30B2BA630BE00C33E21 /* SwitchingStepper.swift in Sources */,
				DDF8B5CA2B70F21D005FE06A /* AuthenticationViewModel.swift in Sources */,
				DD9DD1072B95E10000C489F6 /* ProfileCoordinator.swift in Sources */,
				DDAD65E22B8CBB9100F72345 /* AuthenticationViewController.swift in Sources */,
				DD9DD0F92B94798C00C489F6 /* AppCoordinator.swift in Sources */,
				DD9DD0BE2B8FD66800C489F6 /* MenuView.swift in Sources */,
				DDC1D8492B7601A30068598D /* RegistrationView.swift in Sources */,
				DD92BCE12B98D50900E0825E /* BranchesView.swift in Sources */,
				DD9DD0E52B9146EC00C489F6 /* OrderHistoryView.swift in Sources */,
				DDF8B5D32B70F299005FE06A /* CustomTextField.swift in Sources */,
				DD9DD0FF2B95ADCD00C489F6 /* AuthenticationCoordinator.swift in Sources */,
				DDF8B5C32B70F1C7005FE06A /* BaseAuthRegView.swift in Sources */,
				DD6035152BA9EDB7003FFDDC /* Extension+Currency.swift in Sources */,
				DD9DD0FD2B94D35200C489F6 /* SplashViewModel.swift in Sources */,
				DD93C18D2B7FF77800339287 /* Ext+UIViewController.swift in Sources */,
				DDCB6B7A2B9B7DB900407089 /* Extension+UIViews.swift in Sources */,
				DDAD65D32B8CB04F00F72345 /* CustomStepper.swift in Sources */,
				DD73F3032BA36C4900C33E21 /* BranchDetailViewModel.swift in Sources */,
				DDCB6B892B9FC53600407089 /* NotificationsCell.swift in Sources */,
				DD92BCE82B99827C00E0825E /* BranchDetailView.swift in Sources */,
				DD73F3092BA38D6800C33E21 /* ScheduleCell.swift in Sources */,
				DDAD65DD2B8CB29700F72345 /* MainView.swift in Sources */,
				DD9DD0D52B90DF6600C489F6 /* BranchesModalView.swift in Sources */,
				DD92BCE62B99827600E0825E /* BranchDetailViewController.swift in Sources */,
				DDCB6B852B9F0F4F00407089 /* MenuViewModel.swift in Sources */,
				DD9D083F2B7BF2F800BAB6CD /* Fonts.swift in Sources */,
				DD6035132BA989B5003FFDDC /* BranchesModalViewModel.swift in Sources */,
				DD9DD0D02B8FF4A700C489F6 /* ProductViewModel.swift in Sources */,
				DD9DD10D2B95F73900C489F6 /* EditProfileView.swift in Sources */,
				DDAD65D72B8CB21400F72345 /* CategoryCell.swift in Sources */,
				DD3FA30D2B8D0BB500B89DDB /* TabBarViewController.swift in Sources */,
				DDCB6B7C2B9B7DE600407089 /* Extension+UICollectionViewCell+Register.swift in Sources */,
				DDF8B5D12B70F288005FE06A /* CustomSegmentedControl.swift in Sources */,
				DD9DD1092B95E23000C489F6 /* ProfileView.swift in Sources */,
				DD9DD0F42B94795C00C489F6 /* Router.swift in Sources */,
				DD9DD0C52B8FEF4A00C489F6 /* ProductView.swift in Sources */,
				DD9DD0CE2B8FF21700C489F6 /* BaseContentViewModelController.swift in Sources */,
				DD9DD0EB2B94581B00C489F6 /* OrderDetailsView.swift in Sources */,
				DD92BCE32B98D53A00E0825E /* BranchesViewController.swift in Sources */,
				DD9DD1052B95E0F700C489F6 /* BranchesCoordinator.swift in Sources */,
				DD9DD0D92B90E36700C489F6 /* BranchesModalViewController.swift in Sources */,
				DD03C7042B85721A002D8977 /* SplashViewController.swift in Sources */,
				DDF8B5D82B70F2BA005FE06A /* CustomButton.swift in Sources */,
				DDAD65D52B8CB09B00F72345 /* BigProductCell.swift in Sources */,
				DD9DD1032B95E0E400C489F6 /* CartCoordinator.swift in Sources */,
				DDAD65DF2B8CB3B100F72345 /* CustomHeaderView.swift in Sources */,
				DD73F3072BA3877200C33E21 /* EditProfileViewModel.swift in Sources */,
				DD73F3012BA1F55B00C33E21 /* BranchesViewModel.swift in Sources */,
				DDCB6B872B9FBDF000407089 /* NotificationsViewModel.swift in Sources */,
				DD9556152B79F67300FB65AF /* UserAPI.swift in Sources */,
				DD9DD0D72B90DFB500C489F6 /* BranchesModalCell.swift in Sources */,
				DD93C18F2B81C5CC00339287 /* Network.swift in Sources */,
				DD9DD1112B95FBAA00C489F6 /* EditProfileViewController.swift in Sources */,
				DD9DD0DF2B91054A00C489F6 /* CartView.swift in Sources */,
				DDCB6B812B9E3DEA00407089 /* APIModels.swift in Sources */,
				DD9DD0E32B91229500C489F6 /* EmptyCartView.swift in Sources */,
				DD73F2F72BA0129800C33E21 /* BonusModalView.swift in Sources */,
				DD93C1992B838BC100339287 /* Extension+UIColor.swift in Sources */,
				DDCB6B782B9B7B4100407089 /* TabBarCoordinator.swift in Sources */,
				DD93C1942B82CBEE00339287 /* CustomSearchBar.swift in Sources */,
				DD9D08432B7BF71000BAB6CD /* Strings+Generated.swift in Sources */,
				DD9DD1132B95FF2D00C489F6 /* NotificationView.swift in Sources */,
				DD9DD0ED2B94586B00C489F6 /* OrderDetailsViewController.swift in Sources */,
				DD9DD0BA2B8FD63C00C489F6 /* MenuCategoryCell.swift in Sources */,
				DD9DD0C02B8FD68400C489F6 /* MenuViewController.swift in Sources */,
				DD73F2FD2BA04E9000C33E21 /* CartViewModel.swift in Sources */,
				DD03C7022B8571FB002D8977 /* SplashView.swift in Sources */,
				DD9DD0CC2B8FF1F800C489F6 /* BaseContentViewController.swift in Sources */,
				DDAD65D92B8CB23200F72345 /* CollectionViewSingleHeader.swift in Sources */,
				DD9D08322B7B435D00BAB6CD /* XCAssets+Generated.swift in Sources */,
				DD9DD1012B95E0C100C489F6 /* MainCoordinator.swift in Sources */,
				DDC1D84F2B7963530068598D /* CodeConfirmationView.swift in Sources */,
				DD9DD0F52B94795C00C489F6 /* BaseCoordinator.swift in Sources */,
				DDF8B58E2B70ED3C005FE06A /* AppDelegate.swift in Sources */,
				DD9DD0B82B8FD60700C489F6 /* MenuProductCell.swift in Sources */,
				DDF8B5902B70ED3C005FE06A /* SceneDelegate.swift in Sources */,
				DD9DD0E82B91491200C489F6 /* OrderHistoryViewController.swift in Sources */,
				DD9DD0F62B94795C00C489F6 /* Presentable.swift in Sources */,
				DD73F3052BA386E900C33E21 /* ProfileViewModel.swift in Sources */,
				DD6035172BADA975003FFDDC /* Extension+Notifications.swift in Sources */,
				DD73F2F92BA04A5900C33E21 /* BonusViewController.swift in Sources */,
				DD73F2FB2BA04AC000C33E21 /* BonusModalViewModel.swift in Sources */,
				DD9DD0D22B90B45E00C489F6 /* ModalSheet.swift in Sources */,
				DD93C1972B83869700339287 /* Extension+UIFont.swift in Sources */,
				DDC1D84C2B7602A20068598D /* SignInView.swift in Sources */,
			);
			runOnlyForDeploymentPostprocessing = 0;
		};
/* End PBXSourcesBuildPhase section */

/* Begin PBXVariantGroup section */
		DDF8B5982B70ED3E005FE06A /* LaunchScreen.storyboard */ = {
			isa = PBXVariantGroup;
			children = (
				DDF8B5992B70ED3E005FE06A /* Base */,
			);
			name = LaunchScreen.storyboard;
			sourceTree = "<group>";
		};
/* End PBXVariantGroup section */

/* Begin XCBuildConfiguration section */
		DDF8B59C2B70ED3E005FE06A /* Debug */ = {
			isa = XCBuildConfiguration;
			buildSettings = {
				ALWAYS_SEARCH_USER_PATHS = NO;
				ASSETCATALOG_COMPILER_GENERATE_SWIFT_ASSET_SYMBOL_EXTENSIONS = YES;
				CLANG_ANALYZER_NONNULL = YES;
				CLANG_ANALYZER_NUMBER_OBJECT_CONVERSION = YES_AGGRESSIVE;
				CLANG_CXX_LANGUAGE_STANDARD = "gnu++20";
				CLANG_ENABLE_MODULES = YES;
				CLANG_ENABLE_OBJC_ARC = YES;
				CLANG_ENABLE_OBJC_WEAK = YES;
				CLANG_WARN_BLOCK_CAPTURE_AUTORELEASING = YES;
				CLANG_WARN_BOOL_CONVERSION = YES;
				CLANG_WARN_COMMA = YES;
				CLANG_WARN_CONSTANT_CONVERSION = YES;
				CLANG_WARN_DEPRECATED_OBJC_IMPLEMENTATIONS = YES;
				CLANG_WARN_DIRECT_OBJC_ISA_USAGE = YES_ERROR;
				CLANG_WARN_DOCUMENTATION_COMMENTS = YES;
				CLANG_WARN_EMPTY_BODY = YES;
				CLANG_WARN_ENUM_CONVERSION = YES;
				CLANG_WARN_INFINITE_RECURSION = YES;
				CLANG_WARN_INT_CONVERSION = YES;
				CLANG_WARN_NON_LITERAL_NULL_CONVERSION = YES;
				CLANG_WARN_OBJC_IMPLICIT_RETAIN_SELF = YES;
				CLANG_WARN_OBJC_LITERAL_CONVERSION = YES;
				CLANG_WARN_OBJC_ROOT_CLASS = YES_ERROR;
				CLANG_WARN_QUOTED_INCLUDE_IN_FRAMEWORK_HEADER = YES;
				CLANG_WARN_RANGE_LOOP_ANALYSIS = YES;
				CLANG_WARN_STRICT_PROTOTYPES = YES;
				CLANG_WARN_SUSPICIOUS_MOVE = YES;
				CLANG_WARN_UNGUARDED_AVAILABILITY = YES_AGGRESSIVE;
				CLANG_WARN_UNREACHABLE_CODE = YES;
				CLANG_WARN__DUPLICATE_METHOD_MATCH = YES;
				COPY_PHASE_STRIP = NO;
				DEBUG_INFORMATION_FORMAT = dwarf;
				ENABLE_STRICT_OBJC_MSGSEND = YES;
				ENABLE_TESTABILITY = YES;
				ENABLE_USER_SCRIPT_SANDBOXING = NO;
				GCC_C_LANGUAGE_STANDARD = gnu17;
				GCC_DYNAMIC_NO_PIC = NO;
				GCC_NO_COMMON_BLOCKS = YES;
				GCC_OPTIMIZATION_LEVEL = 0;
				GCC_PREPROCESSOR_DEFINITIONS = (
					"DEBUG=1",
					"$(inherited)",
				);
				GCC_WARN_64_TO_32_BIT_CONVERSION = YES;
				GCC_WARN_ABOUT_RETURN_TYPE = YES_ERROR;
				GCC_WARN_UNDECLARED_SELECTOR = YES;
				GCC_WARN_UNINITIALIZED_AUTOS = YES_AGGRESSIVE;
				GCC_WARN_UNUSED_FUNCTION = YES;
				GCC_WARN_UNUSED_VARIABLE = YES;
				IPHONEOS_DEPLOYMENT_TARGET = 17.2;
				LOCALIZATION_PREFERS_STRING_CATALOGS = YES;
				MTL_ENABLE_DEBUG_INFO = INCLUDE_SOURCE;
				MTL_FAST_MATH = YES;
				ONLY_ACTIVE_ARCH = YES;
				SDKROOT = iphoneos;
				SWIFT_ACTIVE_COMPILATION_CONDITIONS = "DEBUG $(inherited)";
				SWIFT_OPTIMIZATION_LEVEL = "-Onone";
			};
			name = Debug;
		};
		DDF8B59D2B70ED3E005FE06A /* Release */ = {
			isa = XCBuildConfiguration;
			buildSettings = {
				ALWAYS_SEARCH_USER_PATHS = NO;
				ASSETCATALOG_COMPILER_GENERATE_SWIFT_ASSET_SYMBOL_EXTENSIONS = YES;
				CLANG_ANALYZER_NONNULL = YES;
				CLANG_ANALYZER_NUMBER_OBJECT_CONVERSION = YES_AGGRESSIVE;
				CLANG_CXX_LANGUAGE_STANDARD = "gnu++20";
				CLANG_ENABLE_MODULES = YES;
				CLANG_ENABLE_OBJC_ARC = YES;
				CLANG_ENABLE_OBJC_WEAK = YES;
				CLANG_WARN_BLOCK_CAPTURE_AUTORELEASING = YES;
				CLANG_WARN_BOOL_CONVERSION = YES;
				CLANG_WARN_COMMA = YES;
				CLANG_WARN_CONSTANT_CONVERSION = YES;
				CLANG_WARN_DEPRECATED_OBJC_IMPLEMENTATIONS = YES;
				CLANG_WARN_DIRECT_OBJC_ISA_USAGE = YES_ERROR;
				CLANG_WARN_DOCUMENTATION_COMMENTS = YES;
				CLANG_WARN_EMPTY_BODY = YES;
				CLANG_WARN_ENUM_CONVERSION = YES;
				CLANG_WARN_INFINITE_RECURSION = YES;
				CLANG_WARN_INT_CONVERSION = YES;
				CLANG_WARN_NON_LITERAL_NULL_CONVERSION = YES;
				CLANG_WARN_OBJC_IMPLICIT_RETAIN_SELF = YES;
				CLANG_WARN_OBJC_LITERAL_CONVERSION = YES;
				CLANG_WARN_OBJC_ROOT_CLASS = YES_ERROR;
				CLANG_WARN_QUOTED_INCLUDE_IN_FRAMEWORK_HEADER = YES;
				CLANG_WARN_RANGE_LOOP_ANALYSIS = YES;
				CLANG_WARN_STRICT_PROTOTYPES = YES;
				CLANG_WARN_SUSPICIOUS_MOVE = YES;
				CLANG_WARN_UNGUARDED_AVAILABILITY = YES_AGGRESSIVE;
				CLANG_WARN_UNREACHABLE_CODE = YES;
				CLANG_WARN__DUPLICATE_METHOD_MATCH = YES;
				COPY_PHASE_STRIP = NO;
				DEBUG_INFORMATION_FORMAT = "dwarf-with-dsym";
				ENABLE_NS_ASSERTIONS = NO;
				ENABLE_STRICT_OBJC_MSGSEND = YES;
				ENABLE_USER_SCRIPT_SANDBOXING = NO;
				GCC_C_LANGUAGE_STANDARD = gnu17;
				GCC_NO_COMMON_BLOCKS = YES;
				GCC_WARN_64_TO_32_BIT_CONVERSION = YES;
				GCC_WARN_ABOUT_RETURN_TYPE = YES_ERROR;
				GCC_WARN_UNDECLARED_SELECTOR = YES;
				GCC_WARN_UNINITIALIZED_AUTOS = YES_AGGRESSIVE;
				GCC_WARN_UNUSED_FUNCTION = YES;
				GCC_WARN_UNUSED_VARIABLE = YES;
				IPHONEOS_DEPLOYMENT_TARGET = 17.2;
				LOCALIZATION_PREFERS_STRING_CATALOGS = YES;
				MTL_ENABLE_DEBUG_INFO = NO;
				MTL_FAST_MATH = YES;
				SDKROOT = iphoneos;
				SWIFT_COMPILATION_MODE = wholemodule;
				VALIDATE_PRODUCT = YES;
			};
			name = Release;
		};
		DDF8B59F2B70ED3E005FE06A /* Debug */ = {
			isa = XCBuildConfiguration;
			baseConfigurationReference = 7FC66A2F83A1FDDD0ECAFD78 /* Pods-NeoCafe Client.debug.xcconfig */;
			buildSettings = {
				ASSETCATALOG_COMPILER_APPICON_NAME = AppIcon;
				ASSETCATALOG_COMPILER_GLOBAL_ACCENT_COLOR_NAME = AccentColor;
				CODE_SIGN_STYLE = Automatic;
				CURRENT_PROJECT_VERSION = 1;
				DEVELOPMENT_TEAM = H7BR8NTQAT;
				GENERATE_INFOPLIST_FILE = YES;
				INFOPLIST_FILE = "NeoCafe Client/Info.plist";
				INFOPLIST_KEY_UIApplicationSupportsIndirectInputEvents = YES;
				INFOPLIST_KEY_UILaunchStoryboardName = LaunchScreen;
				INFOPLIST_KEY_UISupportedInterfaceOrientations_iPad = "UIInterfaceOrientationPortrait UIInterfaceOrientationPortraitUpsideDown UIInterfaceOrientationLandscapeLeft UIInterfaceOrientationLandscapeRight";
				INFOPLIST_KEY_UISupportedInterfaceOrientations_iPhone = "UIInterfaceOrientationPortrait UIInterfaceOrientationLandscapeLeft UIInterfaceOrientationLandscapeRight";
				LD_RUNPATH_SEARCH_PATHS = (
					"$(inherited)",
					"@executable_path/Frameworks",
				);
				MARKETING_VERSION = 1.0;
				PRODUCT_BUNDLE_IDENTIFIER = "burte.NeoCafe-Client";
				PRODUCT_NAME = "$(TARGET_NAME)";
				SWIFT_EMIT_LOC_STRINGS = YES;
				SWIFT_VERSION = 5.0;
				TARGETED_DEVICE_FAMILY = "1,2";
			};
			name = Debug;
		};
		DDF8B5A02B70ED3E005FE06A /* Release */ = {
			isa = XCBuildConfiguration;
			baseConfigurationReference = 774A1FD35DC0575343951A93 /* Pods-NeoCafe Client.release.xcconfig */;
			buildSettings = {
				ASSETCATALOG_COMPILER_APPICON_NAME = AppIcon;
				ASSETCATALOG_COMPILER_GLOBAL_ACCENT_COLOR_NAME = AccentColor;
				CODE_SIGN_STYLE = Automatic;
				CURRENT_PROJECT_VERSION = 1;
				DEVELOPMENT_TEAM = H7BR8NTQAT;
				GENERATE_INFOPLIST_FILE = YES;
				INFOPLIST_FILE = "NeoCafe Client/Info.plist";
				INFOPLIST_KEY_UIApplicationSupportsIndirectInputEvents = YES;
				INFOPLIST_KEY_UILaunchStoryboardName = LaunchScreen;
				INFOPLIST_KEY_UISupportedInterfaceOrientations_iPad = "UIInterfaceOrientationPortrait UIInterfaceOrientationPortraitUpsideDown UIInterfaceOrientationLandscapeLeft UIInterfaceOrientationLandscapeRight";
				INFOPLIST_KEY_UISupportedInterfaceOrientations_iPhone = "UIInterfaceOrientationPortrait UIInterfaceOrientationLandscapeLeft UIInterfaceOrientationLandscapeRight";
				LD_RUNPATH_SEARCH_PATHS = (
					"$(inherited)",
					"@executable_path/Frameworks",
				);
				MARKETING_VERSION = 1.0;
				PRODUCT_BUNDLE_IDENTIFIER = "burte.NeoCafe-Client";
				PRODUCT_NAME = "$(TARGET_NAME)";
				SWIFT_EMIT_LOC_STRINGS = YES;
				SWIFT_VERSION = 5.0;
				TARGETED_DEVICE_FAMILY = "1,2";
			};
			name = Release;
		};
/* End XCBuildConfiguration section */

/* Begin XCConfigurationList section */
		DDF8B5852B70ED3C005FE06A /* Build configuration list for PBXProject "NeoCafe Client" */ = {
			isa = XCConfigurationList;
			buildConfigurations = (
				DDF8B59C2B70ED3E005FE06A /* Debug */,
				DDF8B59D2B70ED3E005FE06A /* Release */,
			);
			defaultConfigurationIsVisible = 0;
			defaultConfigurationName = Release;
		};
		DDF8B59E2B70ED3E005FE06A /* Build configuration list for PBXNativeTarget "NeoCafe Client" */ = {
			isa = XCConfigurationList;
			buildConfigurations = (
				DDF8B59F2B70ED3E005FE06A /* Debug */,
				DDF8B5A02B70ED3E005FE06A /* Release */,
			);
			defaultConfigurationIsVisible = 0;
			defaultConfigurationName = Release;
		};
/* End XCConfigurationList section */
	};
	rootObject = DDF8B5822B70ED3C005FE06A /* Project object */;
}
